// !$*UTF8*$!
{
	archiveVersion = 1;
	classes = {
	};
	objectVersion = 56;
	objects = {

/* Begin PBXBuildFile section */
		131BE8B62AFBD24600A36DD1 /* ----PillsViewController.swift in Sources */ = {isa = PBXBuildFile; fileRef = 131BE8B52AFBD24600A36DD1 /* ----PillsViewController.swift */; };
		134CEF762AFD40C300164A7B /* DosageView.swift in Sources */ = {isa = PBXBuildFile; fileRef = 134CEF752AFD40C300164A7B /* DosageView.swift */; };
		135B38522AFA9EC4007C1C04 /* AppDelegate.swift in Sources */ = {isa = PBXBuildFile; fileRef = 135B38512AFA9EC4007C1C04 /* AppDelegate.swift */; };
		135B38542AFA9EC4007C1C04 /* SceneDelegate.swift in Sources */ = {isa = PBXBuildFile; fileRef = 135B38532AFA9EC4007C1C04 /* SceneDelegate.swift */; };
		135B38562AFA9EC4007C1C04 /* MainViewController.swift in Sources */ = {isa = PBXBuildFile; fileRef = 135B38552AFA9EC4007C1C04 /* MainViewController.swift */; };
		135B385C2AFA9EC4007C1C04 /* PigulkaTime.xcdatamodeld in Sources */ = {isa = PBXBuildFile; fileRef = 135B385A2AFA9EC4007C1C04 /* PigulkaTime.xcdatamodeld */; };
		135B385E2AFA9EC5007C1C04 /* Assets.xcassets in Resources */ = {isa = PBXBuildFile; fileRef = 135B385D2AFA9EC5007C1C04 /* Assets.xcassets */; };
		135B386C2AFA9EC5007C1C04 /* PigulkaTimeTests.swift in Sources */ = {isa = PBXBuildFile; fileRef = 135B386B2AFA9EC5007C1C04 /* PigulkaTimeTests.swift */; };
		135B38762AFA9EC5007C1C04 /* PigulkaTimeUITests.swift in Sources */ = {isa = PBXBuildFile; fileRef = 135B38752AFA9EC5007C1C04 /* PigulkaTimeUITests.swift */; };
		135B38782AFA9EC5007C1C04 /* PigulkaTimeUITestsLaunchTests.swift in Sources */ = {isa = PBXBuildFile; fileRef = 135B38772AFA9EC5007C1C04 /* PigulkaTimeUITestsLaunchTests.swift */; };
		135B388E2AFA9F98007C1C04 /* SFUIText-Heavy.ttf in Resources */ = {isa = PBXBuildFile; fileRef = 135B38882AFA9F98007C1C04 /* SFUIText-Heavy.ttf */; };
		135B388F2AFA9F98007C1C04 /* CustomFonts.swift in Sources */ = {isa = PBXBuildFile; fileRef = 135B38892AFA9F98007C1C04 /* CustomFonts.swift */; };
		135B38902AFA9F98007C1C04 /* SFUIText-Bold.ttf in Resources */ = {isa = PBXBuildFile; fileRef = 135B388A2AFA9F98007C1C04 /* SFUIText-Bold.ttf */; };
		135B38912AFA9F98007C1C04 /* SFUIText-Light.ttf in Resources */ = {isa = PBXBuildFile; fileRef = 135B388B2AFA9F98007C1C04 /* SFUIText-Light.ttf */; };
		135B38922AFA9F98007C1C04 /* SFUIText-Medium.ttf in Resources */ = {isa = PBXBuildFile; fileRef = 135B388C2AFA9F98007C1C04 /* SFUIText-Medium.ttf */; };
		135B38932AFA9F98007C1C04 /* SFUIText-Regular.ttf in Resources */ = {isa = PBXBuildFile; fileRef = 135B388D2AFA9F98007C1C04 /* SFUIText-Regular.ttf */; };
		135B38952AFAA031007C1C04 /* textHelper.swift in Sources */ = {isa = PBXBuildFile; fileRef = 135B38942AFAA031007C1C04 /* textHelper.swift */; };
		139364742AFD35C300FB4CA2 /* DrugView.swift in Sources */ = {isa = PBXBuildFile; fileRef = 139364732AFD35C300FB4CA2 /* DrugView.swift */; };
		139364762AFD380900FB4CA2 /* TypeView.swift in Sources */ = {isa = PBXBuildFile; fileRef = 139364752AFD380900FB4CA2 /* TypeView.swift */; };
		13B4F9642AFF3E18007B779D /* PillViewCustomTableCell.swift in Sources */ = {isa = PBXBuildFile; fileRef = 13B4F9632AFF3E18007B779D /* PillViewCustomTableCell.swift */; };
		13CB053A2AFB5AAE008770D0 /* MainViewCustomTableCell.swift in Sources */ = {isa = PBXBuildFile; fileRef = 13CB05392AFB5AAE008770D0 /* MainViewCustomTableCell.swift */; };
		13EFB0222AFE453F00C9E67B /* PillsViewController.swift in Sources */ = {isa = PBXBuildFile; fileRef = 13EFB0212AFE453F00C9E67B /* PillsViewController.swift */; };
		13F556092AFCB0CE0025119F /* Models.swift in Sources */ = {isa = PBXBuildFile; fileRef = 13F556082AFCB0CE0025119F /* Models.swift */; };
		AD8F4DEAC04FBA172CE0EFC8 /* Pods_PigulkaTime.framework in Frameworks */ = {isa = PBXBuildFile; fileRef = BA6855FC40960A817A349E52 /* Pods_PigulkaTime.framework */; };
		D9E18B4C8A3982411EC35AAD /* Pods_PigulkaTime_PigulkaTimeUITests.framework in Frameworks */ = {isa = PBXBuildFile; fileRef = 7A2123D9AE6ABC962E41BAB9 /* Pods_PigulkaTime_PigulkaTimeUITests.framework */; };
		FA588D0D527E05A5C492032A /* Pods_PigulkaTimeTests.framework in Frameworks */ = {isa = PBXBuildFile; fileRef = F5DE4F7494E68C24A4D50413 /* Pods_PigulkaTimeTests.framework */; };
/* End PBXBuildFile section */

/* Begin PBXContainerItemProxy section */
		135B38682AFA9EC5007C1C04 /* PBXContainerItemProxy */ = {
			isa = PBXContainerItemProxy;
			containerPortal = 135B38462AFA9EC4007C1C04 /* Project object */;
			proxyType = 1;
			remoteGlobalIDString = 135B384D2AFA9EC4007C1C04;
			remoteInfo = PigulkaTime;
		};
		135B38722AFA9EC5007C1C04 /* PBXContainerItemProxy */ = {
			isa = PBXContainerItemProxy;
			containerPortal = 135B38462AFA9EC4007C1C04 /* Project object */;
			proxyType = 1;
			remoteGlobalIDString = 135B384D2AFA9EC4007C1C04;
			remoteInfo = PigulkaTime;
		};
/* End PBXContainerItemProxy section */

/* Begin PBXFileReference section */
		12D20B54DFB2496D0FB680CF /* Pods-PigulkaTime-PigulkaTimeUITests.debug.xcconfig */ = {isa = PBXFileReference; includeInIndex = 1; lastKnownFileType = text.xcconfig; name = "Pods-PigulkaTime-PigulkaTimeUITests.debug.xcconfig"; path = "Target Support Files/Pods-PigulkaTime-PigulkaTimeUITests/Pods-PigulkaTime-PigulkaTimeUITests.debug.xcconfig"; sourceTree = "<group>"; };
		131BE8B52AFBD24600A36DD1 /* ----PillsViewController.swift */ = {isa = PBXFileReference; lastKnownFileType = sourcecode.swift; path = "----PillsViewController.swift"; sourceTree = "<group>"; };
		134CEF752AFD40C300164A7B /* DosageView.swift */ = {isa = PBXFileReference; lastKnownFileType = sourcecode.swift; path = DosageView.swift; sourceTree = "<group>"; };
		135B384E2AFA9EC4007C1C04 /* PigulkaTime.app */ = {isa = PBXFileReference; explicitFileType = wrapper.application; includeInIndex = 0; path = PigulkaTime.app; sourceTree = BUILT_PRODUCTS_DIR; };
		135B38512AFA9EC4007C1C04 /* AppDelegate.swift */ = {isa = PBXFileReference; lastKnownFileType = sourcecode.swift; path = AppDelegate.swift; sourceTree = "<group>"; };
		135B38532AFA9EC4007C1C04 /* SceneDelegate.swift */ = {isa = PBXFileReference; lastKnownFileType = sourcecode.swift; path = SceneDelegate.swift; sourceTree = "<group>"; };
		135B38552AFA9EC4007C1C04 /* MainViewController.swift */ = {isa = PBXFileReference; lastKnownFileType = sourcecode.swift; path = MainViewController.swift; sourceTree = "<group>"; };
		135B385B2AFA9EC4007C1C04 /* PigulkaTime.xcdatamodel */ = {isa = PBXFileReference; lastKnownFileType = wrapper.xcdatamodel; path = PigulkaTime.xcdatamodel; sourceTree = "<group>"; };
		135B385D2AFA9EC5007C1C04 /* Assets.xcassets */ = {isa = PBXFileReference; lastKnownFileType = folder.assetcatalog; path = Assets.xcassets; sourceTree = "<group>"; };
		135B38622AFA9EC5007C1C04 /* Info.plist */ = {isa = PBXFileReference; lastKnownFileType = text.plist.xml; path = Info.plist; sourceTree = "<group>"; };
		135B38672AFA9EC5007C1C04 /* PigulkaTimeTests.xctest */ = {isa = PBXFileReference; explicitFileType = wrapper.cfbundle; includeInIndex = 0; path = PigulkaTimeTests.xctest; sourceTree = BUILT_PRODUCTS_DIR; };
		135B386B2AFA9EC5007C1C04 /* PigulkaTimeTests.swift */ = {isa = PBXFileReference; lastKnownFileType = sourcecode.swift; path = PigulkaTimeTests.swift; sourceTree = "<group>"; };
		135B38712AFA9EC5007C1C04 /* PigulkaTimeUITests.xctest */ = {isa = PBXFileReference; explicitFileType = wrapper.cfbundle; includeInIndex = 0; path = PigulkaTimeUITests.xctest; sourceTree = BUILT_PRODUCTS_DIR; };
		135B38752AFA9EC5007C1C04 /* PigulkaTimeUITests.swift */ = {isa = PBXFileReference; lastKnownFileType = sourcecode.swift; path = PigulkaTimeUITests.swift; sourceTree = "<group>"; };
		135B38772AFA9EC5007C1C04 /* PigulkaTimeUITestsLaunchTests.swift */ = {isa = PBXFileReference; lastKnownFileType = sourcecode.swift; path = PigulkaTimeUITestsLaunchTests.swift; sourceTree = "<group>"; };
		135B38882AFA9F98007C1C04 /* SFUIText-Heavy.ttf */ = {isa = PBXFileReference; lastKnownFileType = file; path = "SFUIText-Heavy.ttf"; sourceTree = "<group>"; };
		135B38892AFA9F98007C1C04 /* CustomFonts.swift */ = {isa = PBXFileReference; fileEncoding = 4; lastKnownFileType = sourcecode.swift; path = CustomFonts.swift; sourceTree = "<group>"; };
		135B388A2AFA9F98007C1C04 /* SFUIText-Bold.ttf */ = {isa = PBXFileReference; lastKnownFileType = file; path = "SFUIText-Bold.ttf"; sourceTree = "<group>"; };
		135B388B2AFA9F98007C1C04 /* SFUIText-Light.ttf */ = {isa = PBXFileReference; lastKnownFileType = file; path = "SFUIText-Light.ttf"; sourceTree = "<group>"; };
		135B388C2AFA9F98007C1C04 /* SFUIText-Medium.ttf */ = {isa = PBXFileReference; lastKnownFileType = file; path = "SFUIText-Medium.ttf"; sourceTree = "<group>"; };
		135B388D2AFA9F98007C1C04 /* SFUIText-Regular.ttf */ = {isa = PBXFileReference; lastKnownFileType = file; path = "SFUIText-Regular.ttf"; sourceTree = "<group>"; };
		135B38942AFAA031007C1C04 /* textHelper.swift */ = {isa = PBXFileReference; lastKnownFileType = sourcecode.swift; path = textHelper.swift; sourceTree = "<group>"; };
		139364732AFD35C300FB4CA2 /* DrugView.swift */ = {isa = PBXFileReference; lastKnownFileType = sourcecode.swift; path = DrugView.swift; sourceTree = "<group>"; };
		139364752AFD380900FB4CA2 /* TypeView.swift */ = {isa = PBXFileReference; lastKnownFileType = sourcecode.swift; path = TypeView.swift; sourceTree = "<group>"; };
		13B4F9632AFF3E18007B779D /* PillViewCustomTableCell.swift */ = {isa = PBXFileReference; lastKnownFileType = sourcecode.swift; path = PillViewCustomTableCell.swift; sourceTree = "<group>"; };
		13CB05392AFB5AAE008770D0 /* MainViewCustomTableCell.swift */ = {isa = PBXFileReference; lastKnownFileType = sourcecode.swift; path = MainViewCustomTableCell.swift; sourceTree = "<group>"; };
		13EFB0212AFE453F00C9E67B /* PillsViewController.swift */ = {isa = PBXFileReference; lastKnownFileType = sourcecode.swift; path = PillsViewController.swift; sourceTree = "<group>"; };
		13F556082AFCB0CE0025119F /* Models.swift */ = {isa = PBXFileReference; lastKnownFileType = sourcecode.swift; path = Models.swift; sourceTree = "<group>"; };
		630046FCB176F21C67F644D8 /* Pods-PigulkaTimeTests.debug.xcconfig */ = {isa = PBXFileReference; includeInIndex = 1; lastKnownFileType = text.xcconfig; name = "Pods-PigulkaTimeTests.debug.xcconfig"; path = "Target Support Files/Pods-PigulkaTimeTests/Pods-PigulkaTimeTests.debug.xcconfig"; sourceTree = "<group>"; };
		7A2123D9AE6ABC962E41BAB9 /* Pods_PigulkaTime_PigulkaTimeUITests.framework */ = {isa = PBXFileReference; explicitFileType = wrapper.framework; includeInIndex = 0; path = Pods_PigulkaTime_PigulkaTimeUITests.framework; sourceTree = BUILT_PRODUCTS_DIR; };
		9416B68BE4CFB77FA8BD62B6 /* Pods-PigulkaTime.release.xcconfig */ = {isa = PBXFileReference; includeInIndex = 1; lastKnownFileType = text.xcconfig; name = "Pods-PigulkaTime.release.xcconfig"; path = "Target Support Files/Pods-PigulkaTime/Pods-PigulkaTime.release.xcconfig"; sourceTree = "<group>"; };
		BA6855FC40960A817A349E52 /* Pods_PigulkaTime.framework */ = {isa = PBXFileReference; explicitFileType = wrapper.framework; includeInIndex = 0; path = Pods_PigulkaTime.framework; sourceTree = BUILT_PRODUCTS_DIR; };
		BC9B97506898C2BF663674AF /* Pods-PigulkaTime.debug.xcconfig */ = {isa = PBXFileReference; includeInIndex = 1; lastKnownFileType = text.xcconfig; name = "Pods-PigulkaTime.debug.xcconfig"; path = "Target Support Files/Pods-PigulkaTime/Pods-PigulkaTime.debug.xcconfig"; sourceTree = "<group>"; };
		F05860BDA0D76A2035DFD323 /* Pods-PigulkaTimeTests.release.xcconfig */ = {isa = PBXFileReference; includeInIndex = 1; lastKnownFileType = text.xcconfig; name = "Pods-PigulkaTimeTests.release.xcconfig"; path = "Target Support Files/Pods-PigulkaTimeTests/Pods-PigulkaTimeTests.release.xcconfig"; sourceTree = "<group>"; };
		F5DE4F7494E68C24A4D50413 /* Pods_PigulkaTimeTests.framework */ = {isa = PBXFileReference; explicitFileType = wrapper.framework; includeInIndex = 0; path = Pods_PigulkaTimeTests.framework; sourceTree = BUILT_PRODUCTS_DIR; };
		FCB318F7609B5254C00EAD47 /* Pods-PigulkaTime-PigulkaTimeUITests.release.xcconfig */ = {isa = PBXFileReference; includeInIndex = 1; lastKnownFileType = text.xcconfig; name = "Pods-PigulkaTime-PigulkaTimeUITests.release.xcconfig"; path = "Target Support Files/Pods-PigulkaTime-PigulkaTimeUITests/Pods-PigulkaTime-PigulkaTimeUITests.release.xcconfig"; sourceTree = "<group>"; };
/* End PBXFileReference section */

/* Begin PBXFrameworksBuildPhase section */
		135B384B2AFA9EC4007C1C04 /* Frameworks */ = {
			isa = PBXFrameworksBuildPhase;
			buildActionMask = 2147483647;
			files = (
				AD8F4DEAC04FBA172CE0EFC8 /* Pods_PigulkaTime.framework in Frameworks */,
			);
			runOnlyForDeploymentPostprocessing = 0;
		};
		135B38642AFA9EC5007C1C04 /* Frameworks */ = {
			isa = PBXFrameworksBuildPhase;
			buildActionMask = 2147483647;
			files = (
				FA588D0D527E05A5C492032A /* Pods_PigulkaTimeTests.framework in Frameworks */,
			);
			runOnlyForDeploymentPostprocessing = 0;
		};
		135B386E2AFA9EC5007C1C04 /* Frameworks */ = {
			isa = PBXFrameworksBuildPhase;
			buildActionMask = 2147483647;
			files = (
				D9E18B4C8A3982411EC35AAD /* Pods_PigulkaTime_PigulkaTimeUITests.framework in Frameworks */,
			);
			runOnlyForDeploymentPostprocessing = 0;
		};
/* End PBXFrameworksBuildPhase section */

/* Begin PBXGroup section */
		1337D5552AFCF556002012B5 /* Views */ = {
			isa = PBXGroup;
			children = (
				139364732AFD35C300FB4CA2 /* DrugView.swift */,
				139364752AFD380900FB4CA2 /* TypeView.swift */,
				134CEF752AFD40C300164A7B /* DosageView.swift */,
			);
			path = Views;
			sourceTree = "<group>";
		};
		135B38452AFA9EC4007C1C04 = {
			isa = PBXGroup;
			children = (
				135B38502AFA9EC4007C1C04 /* PigulkaTime */,
				135B386A2AFA9EC5007C1C04 /* PigulkaTimeTests */,
				135B38742AFA9EC5007C1C04 /* PigulkaTimeUITests */,
				135B384F2AFA9EC4007C1C04 /* Products */,
				35D045381EE73A043F7829DD /* Pods */,
				A6886AD33E2166729FFAA065 /* Frameworks */,
			);
			sourceTree = "<group>";
		};
		135B384F2AFA9EC4007C1C04 /* Products */ = {
			isa = PBXGroup;
			children = (
				135B384E2AFA9EC4007C1C04 /* PigulkaTime.app */,
				135B38672AFA9EC5007C1C04 /* PigulkaTimeTests.xctest */,
				135B38712AFA9EC5007C1C04 /* PigulkaTimeUITests.xctest */,
			);
			name = Products;
			sourceTree = "<group>";
		};
		135B38502AFA9EC4007C1C04 /* PigulkaTime */ = {
			isa = PBXGroup;
			children = (
				135B38942AFAA031007C1C04 /* textHelper.swift */,
				13EFB0202AFE444900C9E67B /* Pills */,
				13D5FE5E2AFE41F900F403D0 /* Main */,
				1337D5552AFCF556002012B5 /* Views */,
				13F556072AFCB0BA0025119F /* Models */,
				135B38862AFA9F45007C1C04 /* Resources */,
				135B38852AFA9F2E007C1C04 /* Controllers */,
				135B38842AFA9F1C007C1C04 /* Application */,
			);
			path = PigulkaTime;
			sourceTree = "<group>";
		};
		135B386A2AFA9EC5007C1C04 /* PigulkaTimeTests */ = {
			isa = PBXGroup;
			children = (
				135B386B2AFA9EC5007C1C04 /* PigulkaTimeTests.swift */,
			);
			path = PigulkaTimeTests;
			sourceTree = "<group>";
		};
		135B38742AFA9EC5007C1C04 /* PigulkaTimeUITests */ = {
			isa = PBXGroup;
			children = (
				135B38752AFA9EC5007C1C04 /* PigulkaTimeUITests.swift */,
				135B38772AFA9EC5007C1C04 /* PigulkaTimeUITestsLaunchTests.swift */,
			);
			path = PigulkaTimeUITests;
			sourceTree = "<group>";
		};
		135B38842AFA9F1C007C1C04 /* Application */ = {
			isa = PBXGroup;
			children = (
				135B38512AFA9EC4007C1C04 /* AppDelegate.swift */,
				135B38532AFA9EC4007C1C04 /* SceneDelegate.swift */,
			);
			path = Application;
			sourceTree = "<group>";
		};
		135B38852AFA9F2E007C1C04 /* Controllers */ = {
			isa = PBXGroup;
			children = (
			);
			path = Controllers;
			sourceTree = "<group>";
		};
		135B38862AFA9F45007C1C04 /* Resources */ = {
			isa = PBXGroup;
			children = (
				135B38872AFA9F69007C1C04 /* Fonts */,
				135B385D2AFA9EC5007C1C04 /* Assets.xcassets */,
				135B38622AFA9EC5007C1C04 /* Info.plist */,
				135B385A2AFA9EC4007C1C04 /* PigulkaTime.xcdatamodeld */,
			);
			path = Resources;
			sourceTree = "<group>";
		};
		135B38872AFA9F69007C1C04 /* Fonts */ = {
			isa = PBXGroup;
			children = (
				135B38892AFA9F98007C1C04 /* CustomFonts.swift */,
				135B388A2AFA9F98007C1C04 /* SFUIText-Bold.ttf */,
				135B38882AFA9F98007C1C04 /* SFUIText-Heavy.ttf */,
				135B388B2AFA9F98007C1C04 /* SFUIText-Light.ttf */,
				135B388C2AFA9F98007C1C04 /* SFUIText-Medium.ttf */,
				135B388D2AFA9F98007C1C04 /* SFUIText-Regular.ttf */,
			);
			path = Fonts;
			sourceTree = "<group>";
		};
		13D5FE5E2AFE41F900F403D0 /* Main */ = {
			isa = PBXGroup;
			children = (
				13CB05392AFB5AAE008770D0 /* MainViewCustomTableCell.swift */,
				135B38552AFA9EC4007C1C04 /* MainViewController.swift */,
			);
			path = Main;
			sourceTree = "<group>";
		};
		13EFB0202AFE444900C9E67B /* Pills */ = {
			isa = PBXGroup;
			children = (
				131BE8B52AFBD24600A36DD1 /* ----PillsViewController.swift */,
				13EFB0212AFE453F00C9E67B /* PillsViewController.swift */,
				13B4F9632AFF3E18007B779D /* PillViewCustomTableCell.swift */,
			);
			path = Pills;
			sourceTree = "<group>";
		};
		13F556072AFCB0BA0025119F /* Models */ = {
			isa = PBXGroup;
			children = (
				13F556082AFCB0CE0025119F /* Models.swift */,
			);
			path = Models;
			sourceTree = "<group>";
		};
		35D045381EE73A043F7829DD /* Pods */ = {
			isa = PBXGroup;
			children = (
				BC9B97506898C2BF663674AF /* Pods-PigulkaTime.debug.xcconfig */,
				9416B68BE4CFB77FA8BD62B6 /* Pods-PigulkaTime.release.xcconfig */,
				12D20B54DFB2496D0FB680CF /* Pods-PigulkaTime-PigulkaTimeUITests.debug.xcconfig */,
				FCB318F7609B5254C00EAD47 /* Pods-PigulkaTime-PigulkaTimeUITests.release.xcconfig */,
				630046FCB176F21C67F644D8 /* Pods-PigulkaTimeTests.debug.xcconfig */,
				F05860BDA0D76A2035DFD323 /* Pods-PigulkaTimeTests.release.xcconfig */,
			);
			path = Pods;
			sourceTree = "<group>";
		};
		A6886AD33E2166729FFAA065 /* Frameworks */ = {
			isa = PBXGroup;
			children = (
				BA6855FC40960A817A349E52 /* Pods_PigulkaTime.framework */,
				7A2123D9AE6ABC962E41BAB9 /* Pods_PigulkaTime_PigulkaTimeUITests.framework */,
				F5DE4F7494E68C24A4D50413 /* Pods_PigulkaTimeTests.framework */,
			);
			name = Frameworks;
			sourceTree = "<group>";
		};
/* End PBXGroup section */

/* Begin PBXNativeTarget section */
		135B384D2AFA9EC4007C1C04 /* PigulkaTime */ = {
			isa = PBXNativeTarget;
			buildConfigurationList = 135B387B2AFA9EC5007C1C04 /* Build configuration list for PBXNativeTarget "PigulkaTime" */;
			buildPhases = (
				ECD0BAC32EECAA2CACE8027E /* [CP] Check Pods Manifest.lock */,
				135B384A2AFA9EC4007C1C04 /* Sources */,
				135B384B2AFA9EC4007C1C04 /* Frameworks */,
				135B384C2AFA9EC4007C1C04 /* Resources */,
				EEA4609643FBB2D3115F36BA /* [CP] Embed Pods Frameworks */,
			);
			buildRules = (
			);
			dependencies = (
			);
			name = PigulkaTime;
			productName = PigulkaTime;
			productReference = 135B384E2AFA9EC4007C1C04 /* PigulkaTime.app */;
			productType = "com.apple.product-type.application";
		};
		135B38662AFA9EC5007C1C04 /* PigulkaTimeTests */ = {
			isa = PBXNativeTarget;
			buildConfigurationList = 135B387E2AFA9EC5007C1C04 /* Build configuration list for PBXNativeTarget "PigulkaTimeTests" */;
			buildPhases = (
				B69FC6FCCC97EE7B61AB06C2 /* [CP] Check Pods Manifest.lock */,
				135B38632AFA9EC5007C1C04 /* Sources */,
				135B38642AFA9EC5007C1C04 /* Frameworks */,
				135B38652AFA9EC5007C1C04 /* Resources */,
			);
			buildRules = (
			);
			dependencies = (
				135B38692AFA9EC5007C1C04 /* PBXTargetDependency */,
			);
			name = PigulkaTimeTests;
			productName = PigulkaTimeTests;
			productReference = 135B38672AFA9EC5007C1C04 /* PigulkaTimeTests.xctest */;
			productType = "com.apple.product-type.bundle.unit-test";
		};
		135B38702AFA9EC5007C1C04 /* PigulkaTimeUITests */ = {
			isa = PBXNativeTarget;
			buildConfigurationList = 135B38812AFA9EC5007C1C04 /* Build configuration list for PBXNativeTarget "PigulkaTimeUITests" */;
			buildPhases = (
				6C6B917B4FB6A34A7542BD1A /* [CP] Check Pods Manifest.lock */,
				135B386D2AFA9EC5007C1C04 /* Sources */,
				135B386E2AFA9EC5007C1C04 /* Frameworks */,
				135B386F2AFA9EC5007C1C04 /* Resources */,
				2D4227DA0D3533DB66FBCA94 /* [CP] Embed Pods Frameworks */,
			);
			buildRules = (
			);
			dependencies = (
				135B38732AFA9EC5007C1C04 /* PBXTargetDependency */,
			);
			name = PigulkaTimeUITests;
			productName = PigulkaTimeUITests;
			productReference = 135B38712AFA9EC5007C1C04 /* PigulkaTimeUITests.xctest */;
			productType = "com.apple.product-type.bundle.ui-testing";
		};
/* End PBXNativeTarget section */

/* Begin PBXProject section */
		135B38462AFA9EC4007C1C04 /* Project object */ = {
			isa = PBXProject;
			attributes = {
				BuildIndependentTargetsInParallel = 1;
				LastSwiftUpdateCheck = 1430;
				LastUpgradeCheck = 1430;
				TargetAttributes = {
					135B384D2AFA9EC4007C1C04 = {
						CreatedOnToolsVersion = 14.3.1;
					};
					135B38662AFA9EC5007C1C04 = {
						CreatedOnToolsVersion = 14.3.1;
						TestTargetID = 135B384D2AFA9EC4007C1C04;
					};
					135B38702AFA9EC5007C1C04 = {
						CreatedOnToolsVersion = 14.3.1;
						TestTargetID = 135B384D2AFA9EC4007C1C04;
					};
				};
			};
			buildConfigurationList = 135B38492AFA9EC4007C1C04 /* Build configuration list for PBXProject "PigulkaTime" */;
			compatibilityVersion = "Xcode 14.0";
			developmentRegion = en;
			hasScannedForEncodings = 0;
			knownRegions = (
				en,
				Base,
			);
			mainGroup = 135B38452AFA9EC4007C1C04;
			productRefGroup = 135B384F2AFA9EC4007C1C04 /* Products */;
			projectDirPath = "";
			projectRoot = "";
			targets = (
				135B384D2AFA9EC4007C1C04 /* PigulkaTime */,
				135B38662AFA9EC5007C1C04 /* PigulkaTimeTests */,
				135B38702AFA9EC5007C1C04 /* PigulkaTimeUITests */,
			);
		};
/* End PBXProject section */

/* Begin PBXResourcesBuildPhase section */
		135B384C2AFA9EC4007C1C04 /* Resources */ = {
			isa = PBXResourcesBuildPhase;
			buildActionMask = 2147483647;
			files = (
				135B388E2AFA9F98007C1C04 /* SFUIText-Heavy.ttf in Resources */,
				135B385E2AFA9EC5007C1C04 /* Assets.xcassets in Resources */,
				135B38902AFA9F98007C1C04 /* SFUIText-Bold.ttf in Resources */,
				135B38932AFA9F98007C1C04 /* SFUIText-Regular.ttf in Resources */,
				135B38912AFA9F98007C1C04 /* SFUIText-Light.ttf in Resources */,
				135B38922AFA9F98007C1C04 /* SFUIText-Medium.ttf in Resources */,
			);
			runOnlyForDeploymentPostprocessing = 0;
		};
		135B38652AFA9EC5007C1C04 /* Resources */ = {
			isa = PBXResourcesBuildPhase;
			buildActionMask = 2147483647;
			files = (
			);
			runOnlyForDeploymentPostprocessing = 0;
		};
		135B386F2AFA9EC5007C1C04 /* Resources */ = {
			isa = PBXResourcesBuildPhase;
			buildActionMask = 2147483647;
			files = (
			);
			runOnlyForDeploymentPostprocessing = 0;
		};
/* End PBXResourcesBuildPhase section */

/* Begin PBXShellScriptBuildPhase section */
		2D4227DA0D3533DB66FBCA94 /* [CP] Embed Pods Frameworks */ = {
			isa = PBXShellScriptBuildPhase;
			buildActionMask = 2147483647;
			files = (
			);
			inputFileListPaths = (
				"${PODS_ROOT}/Target Support Files/Pods-PigulkaTime-PigulkaTimeUITests/Pods-PigulkaTime-PigulkaTimeUITests-frameworks-${CONFIGURATION}-input-files.xcfilelist",
			);
			name = "[CP] Embed Pods Frameworks";
			outputFileListPaths = (
				"${PODS_ROOT}/Target Support Files/Pods-PigulkaTime-PigulkaTimeUITests/Pods-PigulkaTime-PigulkaTimeUITests-frameworks-${CONFIGURATION}-output-files.xcfilelist",
			);
			runOnlyForDeploymentPostprocessing = 0;
			shellPath = /bin/sh;
			shellScript = "\"${PODS_ROOT}/Target Support Files/Pods-PigulkaTime-PigulkaTimeUITests/Pods-PigulkaTime-PigulkaTimeUITests-frameworks.sh\"\n";
			showEnvVarsInLog = 0;
		};
		6C6B917B4FB6A34A7542BD1A /* [CP] Check Pods Manifest.lock */ = {
			isa = PBXShellScriptBuildPhase;
			buildActionMask = 2147483647;
			files = (
			);
			inputFileListPaths = (
			);
			inputPaths = (
				"${PODS_PODFILE_DIR_PATH}/Podfile.lock",
				"${PODS_ROOT}/Manifest.lock",
			);
			name = "[CP] Check Pods Manifest.lock";
			outputFileListPaths = (
			);
			outputPaths = (
				"$(DERIVED_FILE_DIR)/Pods-PigulkaTime-PigulkaTimeUITests-checkManifestLockResult.txt",
			);
			runOnlyForDeploymentPostprocessing = 0;
			shellPath = /bin/sh;
			shellScript = "diff \"${PODS_PODFILE_DIR_PATH}/Podfile.lock\" \"${PODS_ROOT}/Manifest.lock\" > /dev/null\nif [ $? != 0 ] ; then\n    # print error to STDERR\n    echo \"error: The sandbox is not in sync with the Podfile.lock. Run 'pod install' or update your CocoaPods installation.\" >&2\n    exit 1\nfi\n# This output is used by Xcode 'outputs' to avoid re-running this script phase.\necho \"SUCCESS\" > \"${SCRIPT_OUTPUT_FILE_0}\"\n";
			showEnvVarsInLog = 0;
		};
		B69FC6FCCC97EE7B61AB06C2 /* [CP] Check Pods Manifest.lock */ = {
			isa = PBXShellScriptBuildPhase;
			buildActionMask = 2147483647;
			files = (
			);
			inputFileListPaths = (
			);
			inputPaths = (
				"${PODS_PODFILE_DIR_PATH}/Podfile.lock",
				"${PODS_ROOT}/Manifest.lock",
			);
			name = "[CP] Check Pods Manifest.lock";
			outputFileListPaths = (
			);
			outputPaths = (
				"$(DERIVED_FILE_DIR)/Pods-PigulkaTimeTests-checkManifestLockResult.txt",
			);
			runOnlyForDeploymentPostprocessing = 0;
			shellPath = /bin/sh;
			shellScript = "diff \"${PODS_PODFILE_DIR_PATH}/Podfile.lock\" \"${PODS_ROOT}/Manifest.lock\" > /dev/null\nif [ $? != 0 ] ; then\n    # print error to STDERR\n    echo \"error: The sandbox is not in sync with the Podfile.lock. Run 'pod install' or update your CocoaPods installation.\" >&2\n    exit 1\nfi\n# This output is used by Xcode 'outputs' to avoid re-running this script phase.\necho \"SUCCESS\" > \"${SCRIPT_OUTPUT_FILE_0}\"\n";
			showEnvVarsInLog = 0;
		};
		ECD0BAC32EECAA2CACE8027E /* [CP] Check Pods Manifest.lock */ = {
			isa = PBXShellScriptBuildPhase;
			buildActionMask = 2147483647;
			files = (
			);
			inputFileListPaths = (
			);
			inputPaths = (
				"${PODS_PODFILE_DIR_PATH}/Podfile.lock",
				"${PODS_ROOT}/Manifest.lock",
			);
			name = "[CP] Check Pods Manifest.lock";
			outputFileListPaths = (
			);
			outputPaths = (
				"$(DERIVED_FILE_DIR)/Pods-PigulkaTime-checkManifestLockResult.txt",
			);
			runOnlyForDeploymentPostprocessing = 0;
			shellPath = /bin/sh;
			shellScript = "diff \"${PODS_PODFILE_DIR_PATH}/Podfile.lock\" \"${PODS_ROOT}/Manifest.lock\" > /dev/null\nif [ $? != 0 ] ; then\n    # print error to STDERR\n    echo \"error: The sandbox is not in sync with the Podfile.lock. Run 'pod install' or update your CocoaPods installation.\" >&2\n    exit 1\nfi\n# This output is used by Xcode 'outputs' to avoid re-running this script phase.\necho \"SUCCESS\" > \"${SCRIPT_OUTPUT_FILE_0}\"\n";
			showEnvVarsInLog = 0;
		};
		EEA4609643FBB2D3115F36BA /* [CP] Embed Pods Frameworks */ = {
			isa = PBXShellScriptBuildPhase;
			buildActionMask = 2147483647;
			files = (
			);
			inputFileListPaths = (
				"${PODS_ROOT}/Target Support Files/Pods-PigulkaTime/Pods-PigulkaTime-frameworks-${CONFIGURATION}-input-files.xcfilelist",
			);
			name = "[CP] Embed Pods Frameworks";
			outputFileListPaths = (
				"${PODS_ROOT}/Target Support Files/Pods-PigulkaTime/Pods-PigulkaTime-frameworks-${CONFIGURATION}-output-files.xcfilelist",
			);
			runOnlyForDeploymentPostprocessing = 0;
			shellPath = /bin/sh;
			shellScript = "\"${PODS_ROOT}/Target Support Files/Pods-PigulkaTime/Pods-PigulkaTime-frameworks.sh\"\n";
			showEnvVarsInLog = 0;
		};
/* End PBXShellScriptBuildPhase section */

/* Begin PBXSourcesBuildPhase section */
		135B384A2AFA9EC4007C1C04 /* Sources */ = {
			isa = PBXSourcesBuildPhase;
			buildActionMask = 2147483647;
			files = (
				135B38952AFAA031007C1C04 /* textHelper.swift in Sources */,
				135B385C2AFA9EC4007C1C04 /* PigulkaTime.xcdatamodeld in Sources */,
				139364742AFD35C300FB4CA2 /* DrugView.swift in Sources */,
				135B38562AFA9EC4007C1C04 /* MainViewController.swift in Sources */,
				13CB053A2AFB5AAE008770D0 /* MainViewCustomTableCell.swift in Sources */,
				139364762AFD380900FB4CA2 /* TypeView.swift in Sources */,
				135B388F2AFA9F98007C1C04 /* CustomFonts.swift in Sources */,
				13B4F9642AFF3E18007B779D /* PillViewCustomTableCell.swift in Sources */,
				134CEF762AFD40C300164A7B /* DosageView.swift in Sources */,
				135B38522AFA9EC4007C1C04 /* AppDelegate.swift in Sources */,
				13EFB0222AFE453F00C9E67B /* PillsViewController.swift in Sources */,
				13F556092AFCB0CE0025119F /* Models.swift in Sources */,
				135B38542AFA9EC4007C1C04 /* SceneDelegate.swift in Sources */,
				131BE8B62AFBD24600A36DD1 /* ----PillsViewController.swift in Sources */,
			);
			runOnlyForDeploymentPostprocessing = 0;
		};
		135B38632AFA9EC5007C1C04 /* Sources */ = {
			isa = PBXSourcesBuildPhase;
			buildActionMask = 2147483647;
			files = (
				135B386C2AFA9EC5007C1C04 /* PigulkaTimeTests.swift in Sources */,
			);
			runOnlyForDeploymentPostprocessing = 0;
		};
		135B386D2AFA9EC5007C1C04 /* Sources */ = {
			isa = PBXSourcesBuildPhase;
			buildActionMask = 2147483647;
			files = (
				135B38762AFA9EC5007C1C04 /* PigulkaTimeUITests.swift in Sources */,
				135B38782AFA9EC5007C1C04 /* PigulkaTimeUITestsLaunchTests.swift in Sources */,
			);
			runOnlyForDeploymentPostprocessing = 0;
		};
/* End PBXSourcesBuildPhase section */

/* Begin PBXTargetDependency section */
		135B38692AFA9EC5007C1C04 /* PBXTargetDependency */ = {
			isa = PBXTargetDependency;
			target = 135B384D2AFA9EC4007C1C04 /* PigulkaTime */;
			targetProxy = 135B38682AFA9EC5007C1C04 /* PBXContainerItemProxy */;
		};
		135B38732AFA9EC5007C1C04 /* PBXTargetDependency */ = {
			isa = PBXTargetDependency;
			target = 135B384D2AFA9EC4007C1C04 /* PigulkaTime */;
			targetProxy = 135B38722AFA9EC5007C1C04 /* PBXContainerItemProxy */;
		};
/* End PBXTargetDependency section */

/* Begin XCBuildConfiguration section */
		135B38792AFA9EC5007C1C04 /* Debug */ = {
			isa = XCBuildConfiguration;
			buildSettings = {
				ALWAYS_SEARCH_USER_PATHS = NO;
				CLANG_ANALYZER_NONNULL = YES;
				CLANG_ANALYZER_NUMBER_OBJECT_CONVERSION = YES_AGGRESSIVE;
				CLANG_CXX_LANGUAGE_STANDARD = "gnu++20";
				CLANG_ENABLE_MODULES = YES;
				CLANG_ENABLE_OBJC_ARC = YES;
				CLANG_ENABLE_OBJC_WEAK = YES;
				CLANG_WARN_BLOCK_CAPTURE_AUTORELEASING = YES;
				CLANG_WARN_BOOL_CONVERSION = YES;
				CLANG_WARN_COMMA = YES;
				CLANG_WARN_CONSTANT_CONVERSION = YES;
				CLANG_WARN_DEPRECATED_OBJC_IMPLEMENTATIONS = YES;
				CLANG_WARN_DIRECT_OBJC_ISA_USAGE = YES_ERROR;
				CLANG_WARN_DOCUMENTATION_COMMENTS = YES;
				CLANG_WARN_EMPTY_BODY = YES;
				CLANG_WARN_ENUM_CONVERSION = YES;
				CLANG_WARN_INFINITE_RECURSION = YES;
				CLANG_WARN_INT_CONVERSION = YES;
				CLANG_WARN_NON_LITERAL_NULL_CONVERSION = YES;
				CLANG_WARN_OBJC_IMPLICIT_RETAIN_SELF = YES;
				CLANG_WARN_OBJC_LITERAL_CONVERSION = YES;
				CLANG_WARN_OBJC_ROOT_CLASS = YES_ERROR;
				CLANG_WARN_QUOTED_INCLUDE_IN_FRAMEWORK_HEADER = YES;
				CLANG_WARN_RANGE_LOOP_ANALYSIS = YES;
				CLANG_WARN_STRICT_PROTOTYPES = YES;
				CLANG_WARN_SUSPICIOUS_MOVE = YES;
				CLANG_WARN_UNGUARDED_AVAILABILITY = YES_AGGRESSIVE;
				CLANG_WARN_UNREACHABLE_CODE = YES;
				CLANG_WARN__DUPLICATE_METHOD_MATCH = YES;
				COPY_PHASE_STRIP = NO;
				DEBUG_INFORMATION_FORMAT = dwarf;
				ENABLE_STRICT_OBJC_MSGSEND = YES;
				ENABLE_TESTABILITY = YES;
				GCC_C_LANGUAGE_STANDARD = gnu11;
				GCC_DYNAMIC_NO_PIC = NO;
				GCC_NO_COMMON_BLOCKS = YES;
				GCC_OPTIMIZATION_LEVEL = 0;
				GCC_PREPROCESSOR_DEFINITIONS = (
					"DEBUG=1",
					"$(inherited)",
				);
				GCC_WARN_64_TO_32_BIT_CONVERSION = YES;
				GCC_WARN_ABOUT_RETURN_TYPE = YES_ERROR;
				GCC_WARN_UNDECLARED_SELECTOR = YES;
				GCC_WARN_UNINITIALIZED_AUTOS = YES_AGGRESSIVE;
				GCC_WARN_UNUSED_FUNCTION = YES;
				GCC_WARN_UNUSED_VARIABLE = YES;
				IPHONEOS_DEPLOYMENT_TARGET = 14.0;
				MTL_ENABLE_DEBUG_INFO = INCLUDE_SOURCE;
				MTL_FAST_MATH = YES;
				ONLY_ACTIVE_ARCH = YES;
				SDKROOT = iphoneos;
				SWIFT_ACTIVE_COMPILATION_CONDITIONS = DEBUG;
				SWIFT_OPTIMIZATION_LEVEL = "-Onone";
			};
			name = Debug;
		};
		135B387A2AFA9EC5007C1C04 /* Release */ = {
			isa = XCBuildConfiguration;
			buildSettings = {
				ALWAYS_SEARCH_USER_PATHS = NO;
				CLANG_ANALYZER_NONNULL = YES;
				CLANG_ANALYZER_NUMBER_OBJECT_CONVERSION = YES_AGGRESSIVE;
				CLANG_CXX_LANGUAGE_STANDARD = "gnu++20";
				CLANG_ENABLE_MODULES = YES;
				CLANG_ENABLE_OBJC_ARC = YES;
				CLANG_ENABLE_OBJC_WEAK = YES;
				CLANG_WARN_BLOCK_CAPTURE_AUTORELEASING = YES;
				CLANG_WARN_BOOL_CONVERSION = YES;
				CLANG_WARN_COMMA = YES;
				CLANG_WARN_CONSTANT_CONVERSION = YES;
				CLANG_WARN_DEPRECATED_OBJC_IMPLEMENTATIONS = YES;
				CLANG_WARN_DIRECT_OBJC_ISA_USAGE = YES_ERROR;
				CLANG_WARN_DOCUMENTATION_COMMENTS = YES;
				CLANG_WARN_EMPTY_BODY = YES;
				CLANG_WARN_ENUM_CONVERSION = YES;
				CLANG_WARN_INFINITE_RECURSION = YES;
				CLANG_WARN_INT_CONVERSION = YES;
				CLANG_WARN_NON_LITERAL_NULL_CONVERSION = YES;
				CLANG_WARN_OBJC_IMPLICIT_RETAIN_SELF = YES;
				CLANG_WARN_OBJC_LITERAL_CONVERSION = YES;
				CLANG_WARN_OBJC_ROOT_CLASS = YES_ERROR;
				CLANG_WARN_QUOTED_INCLUDE_IN_FRAMEWORK_HEADER = YES;
				CLANG_WARN_RANGE_LOOP_ANALYSIS = YES;
				CLANG_WARN_STRICT_PROTOTYPES = YES;
				CLANG_WARN_SUSPICIOUS_MOVE = YES;
				CLANG_WARN_UNGUARDED_AVAILABILITY = YES_AGGRESSIVE;
				CLANG_WARN_UNREACHABLE_CODE = YES;
				CLANG_WARN__DUPLICATE_METHOD_MATCH = YES;
				COPY_PHASE_STRIP = NO;
				DEBUG_INFORMATION_FORMAT = "dwarf-with-dsym";
				ENABLE_NS_ASSERTIONS = NO;
				ENABLE_STRICT_OBJC_MSGSEND = YES;
				GCC_C_LANGUAGE_STANDARD = gnu11;
				GCC_NO_COMMON_BLOCKS = YES;
				GCC_WARN_64_TO_32_BIT_CONVERSION = YES;
				GCC_WARN_ABOUT_RETURN_TYPE = YES_ERROR;
				GCC_WARN_UNDECLARED_SELECTOR = YES;
				GCC_WARN_UNINITIALIZED_AUTOS = YES_AGGRESSIVE;
				GCC_WARN_UNUSED_FUNCTION = YES;
				GCC_WARN_UNUSED_VARIABLE = YES;
				IPHONEOS_DEPLOYMENT_TARGET = 14.0;
				MTL_ENABLE_DEBUG_INFO = NO;
				MTL_FAST_MATH = YES;
				SDKROOT = iphoneos;
				SWIFT_COMPILATION_MODE = wholemodule;
				SWIFT_OPTIMIZATION_LEVEL = "-O";
				VALIDATE_PRODUCT = YES;
			};
			name = Release;
		};
		135B387C2AFA9EC5007C1C04 /* Debug */ = {
			isa = XCBuildConfiguration;
			baseConfigurationReference = BC9B97506898C2BF663674AF /* Pods-PigulkaTime.debug.xcconfig */;
			buildSettings = {
				ASSETCATALOG_COMPILER_APPICON_NAME = AppIcon;
				ASSETCATALOG_COMPILER_GLOBAL_ACCENT_COLOR_NAME = AccentColor;
				CODE_SIGN_STYLE = Automatic;
				CURRENT_PROJECT_VERSION = 1;
				DEVELOPMENT_TEAM = 5F8NF33WRR;
				GENERATE_INFOPLIST_FILE = YES;
				INFOPLIST_FILE = PigulkaTime/Resources/Info.plist;
				INFOPLIST_KEY_LSApplicationCategoryType = "public.app-category.medical";
				INFOPLIST_KEY_UIApplicationSupportsIndirectInputEvents = YES;
				INFOPLIST_KEY_UILaunchStoryboardName = LaunchScreen;
				INFOPLIST_KEY_UIMainStoryboardFile = "";
				INFOPLIST_KEY_UISupportedInterfaceOrientations = UIInterfaceOrientationPortrait;
				INFOPLIST_KEY_UISupportedInterfaceOrientations_iPad = "UIInterfaceOrientationLandscapeLeft UIInterfaceOrientationLandscapeRight UIInterfaceOrientationPortrait UIInterfaceOrientationPortraitUpsideDown";
				IPHONEOS_DEPLOYMENT_TARGET = 14.0;
				LD_RUNPATH_SEARCH_PATHS = (
					"$(inherited)",
					"@executable_path/Frameworks",
				);
				MARKETING_VERSION = 1.0;
				PRODUCT_BUNDLE_IDENTIFIER = code.PigulkaTime;
				PRODUCT_NAME = "$(TARGET_NAME)";
				SUPPORTED_PLATFORMS = "iphoneos iphonesimulator";
				SUPPORTS_MACCATALYST = NO;
				SUPPORTS_MAC_DESIGNED_FOR_IPHONE_IPAD = NO;
				SWIFT_EMIT_LOC_STRINGS = YES;
				SWIFT_VERSION = 5.0;
				TARGETED_DEVICE_FAMILY = 1;
			};
			name = Debug;
		};
		135B387D2AFA9EC5007C1C04 /* Release */ = {
			isa = XCBuildConfiguration;
			baseConfigurationReference = 9416B68BE4CFB77FA8BD62B6 /* Pods-PigulkaTime.release.xcconfig */;
			buildSettings = {
				ASSETCATALOG_COMPILER_APPICON_NAME = AppIcon;
				ASSETCATALOG_COMPILER_GLOBAL_ACCENT_COLOR_NAME = AccentColor;
				CODE_SIGN_STYLE = Automatic;
				CURRENT_PROJECT_VERSION = 1;
				DEVELOPMENT_TEAM = 5F8NF33WRR;
				GENERATE_INFOPLIST_FILE = YES;
				INFOPLIST_FILE = PigulkaTime/Resources/Info.plist;
				INFOPLIST_KEY_LSApplicationCategoryType = "public.app-category.medical";
				INFOPLIST_KEY_UIApplicationSupportsIndirectInputEvents = YES;
				INFOPLIST_KEY_UILaunchStoryboardName = LaunchScreen;
				INFOPLIST_KEY_UIMainStoryboardFile = "";
				INFOPLIST_KEY_UISupportedInterfaceOrientations = UIInterfaceOrientationPortrait;
				INFOPLIST_KEY_UISupportedInterfaceOrientations_iPad = "UIInterfaceOrientationLandscapeLeft UIInterfaceOrientationLandscapeRight UIInterfaceOrientationPortrait UIInterfaceOrientationPortraitUpsideDown";
				IPHONEOS_DEPLOYMENT_TARGET = 14.0;
				LD_RUNPATH_SEARCH_PATHS = (
					"$(inherited)",
					"@executable_path/Frameworks",
				);
				MARKETING_VERSION = 1.0;
				PRODUCT_BUNDLE_IDENTIFIER = code.PigulkaTime;
				PRODUCT_NAME = "$(TARGET_NAME)";
				SUPPORTED_PLATFORMS = "iphoneos iphonesimulator";
				SUPPORTS_MACCATALYST = NO;
				SUPPORTS_MAC_DESIGNED_FOR_IPHONE_IPAD = NO;
				SWIFT_EMIT_LOC_STRINGS = YES;
				SWIFT_VERSION = 5.0;
				TARGETED_DEVICE_FAMILY = 1;
			};
			name = Release;
		};
		135B387F2AFA9EC5007C1C04 /* Debug */ = {
			isa = XCBuildConfiguration;
			baseConfigurationReference = 630046FCB176F21C67F644D8 /* Pods-PigulkaTimeTests.debug.xcconfig */;
			buildSettings = {
				ALWAYS_EMBED_SWIFT_STANDARD_LIBRARIES = YES;
				BUNDLE_LOADER = "$(TEST_HOST)";
				CODE_SIGN_STYLE = Automatic;
				CURRENT_PROJECT_VERSION = 1;
				DEVELOPMENT_TEAM = 5F8NF33WRR;
				GENERATE_INFOPLIST_FILE = YES;
				IPHONEOS_DEPLOYMENT_TARGET = 16.4;
				MARKETING_VERSION = 1.0;
				PRODUCT_BUNDLE_IDENTIFIER = code.PigulkaTimeTests;
				PRODUCT_NAME = "$(TARGET_NAME)";
				SWIFT_EMIT_LOC_STRINGS = NO;
				SWIFT_VERSION = 5.0;
				TARGETED_DEVICE_FAMILY = "1,2";
				TEST_HOST = "$(BUILT_PRODUCTS_DIR)/PigulkaTime.app/$(BUNDLE_EXECUTABLE_FOLDER_PATH)/PigulkaTime";
			};
			name = Debug;
		};
		135B38802AFA9EC5007C1C04 /* Release */ = {
			isa = XCBuildConfiguration;
			baseConfigurationReference = F05860BDA0D76A2035DFD323 /* Pods-PigulkaTimeTests.release.xcconfig */;
			buildSettings = {
				ALWAYS_EMBED_SWIFT_STANDARD_LIBRARIES = YES;
				BUNDLE_LOADER = "$(TEST_HOST)";
				CODE_SIGN_STYLE = Automatic;
				CURRENT_PROJECT_VERSION = 1;
				DEVELOPMENT_TEAM = 5F8NF33WRR;
				GENERATE_INFOPLIST_FILE = YES;
				IPHONEOS_DEPLOYMENT_TARGET = 16.4;
				MARKETING_VERSION = 1.0;
				PRODUCT_BUNDLE_IDENTIFIER = code.PigulkaTimeTests;
				PRODUCT_NAME = "$(TARGET_NAME)";
				SWIFT_EMIT_LOC_STRINGS = NO;
				SWIFT_VERSION = 5.0;
				TARGETED_DEVICE_FAMILY = "1,2";
				TEST_HOST = "$(BUILT_PRODUCTS_DIR)/PigulkaTime.app/$(BUNDLE_EXECUTABLE_FOLDER_PATH)/PigulkaTime";
			};
			name = Release;
		};
		135B38822AFA9EC5007C1C04 /* Debug */ = {
			isa = XCBuildConfiguration;
			baseConfigurationReference = 12D20B54DFB2496D0FB680CF /* Pods-PigulkaTime-PigulkaTimeUITests.debug.xcconfig */;
			buildSettings = {
				ALWAYS_EMBED_SWIFT_STANDARD_LIBRARIES = YES;
				CODE_SIGN_STYLE = Automatic;
				CURRENT_PROJECT_VERSION = 1;
				DEVELOPMENT_TEAM = 5F8NF33WRR;
				GENERATE_INFOPLIST_FILE = YES;
				MARKETING_VERSION = 1.0;
				PRODUCT_BUNDLE_IDENTIFIER = code.PigulkaTimeUITests;
				PRODUCT_NAME = "$(TARGET_NAME)";
				SWIFT_EMIT_LOC_STRINGS = NO;
				SWIFT_VERSION = 5.0;
				TARGETED_DEVICE_FAMILY = "1,2";
				TEST_TARGET_NAME = PigulkaTime;
			};
			name = Debug;
		};
		135B38832AFA9EC5007C1C04 /* Release */ = {
			isa = XCBuildConfiguration;
			baseConfigurationReference = FCB318F7609B5254C00EAD47 /* Pods-PigulkaTime-PigulkaTimeUITests.release.xcconfig */;
			buildSettings = {
				ALWAYS_EMBED_SWIFT_STANDARD_LIBRARIES = YES;
				CODE_SIGN_STYLE = Automatic;
				CURRENT_PROJECT_VERSION = 1;
				DEVELOPMENT_TEAM = 5F8NF33WRR;
				GENERATE_INFOPLIST_FILE = YES;
				MARKETING_VERSION = 1.0;
				PRODUCT_BUNDLE_IDENTIFIER = code.PigulkaTimeUITests;
				PRODUCT_NAME = "$(TARGET_NAME)";
				SWIFT_EMIT_LOC_STRINGS = NO;
				SWIFT_VERSION = 5.0;
				TARGETED_DEVICE_FAMILY = "1,2";
				TEST_TARGET_NAME = PigulkaTime;
			};
			name = Release;
		};
/* End XCBuildConfiguration section */

/* Begin XCConfigurationList section */
		135B38492AFA9EC4007C1C04 /* Build configuration list for PBXProject "PigulkaTime" */ = {
			isa = XCConfigurationList;
			buildConfigurations = (
				135B38792AFA9EC5007C1C04 /* Debug */,
				135B387A2AFA9EC5007C1C04 /* Release */,
			);
			defaultConfigurationIsVisible = 0;
			defaultConfigurationName = Release;
		};
		135B387B2AFA9EC5007C1C04 /* Build configuration list for PBXNativeTarget "PigulkaTime" */ = {
			isa = XCConfigurationList;
			buildConfigurations = (
				135B387C2AFA9EC5007C1C04 /* Debug */,
				135B387D2AFA9EC5007C1C04 /* Release */,
			);
			defaultConfigurationIsVisible = 0;
			defaultConfigurationName = Release;
		};
		135B387E2AFA9EC5007C1C04 /* Build configuration list for PBXNativeTarget "PigulkaTimeTests" */ = {
			isa = XCConfigurationList;
			buildConfigurations = (
				135B387F2AFA9EC5007C1C04 /* Debug */,
				135B38802AFA9EC5007C1C04 /* Release */,
			);
			defaultConfigurationIsVisible = 0;
			defaultConfigurationName = Release;
		};
		135B38812AFA9EC5007C1C04 /* Build configuration list for PBXNativeTarget "PigulkaTimeUITests" */ = {
			isa = XCConfigurationList;
			buildConfigurations = (
				135B38822AFA9EC5007C1C04 /* Debug */,
				135B38832AFA9EC5007C1C04 /* Release */,
			);
			defaultConfigurationIsVisible = 0;
			defaultConfigurationName = Release;
		};
/* End XCConfigurationList section */

/* Begin XCVersionGroup section */
		135B385A2AFA9EC4007C1C04 /* PigulkaTime.xcdatamodeld */ = {
			isa = XCVersionGroup;
			children = (
				135B385B2AFA9EC4007C1C04 /* PigulkaTime.xcdatamodel */,
			);
			currentVersion = 135B385B2AFA9EC4007C1C04 /* PigulkaTime.xcdatamodel */;
			path = PigulkaTime.xcdatamodeld;
			sourceTree = "<group>";
			versionGroupType = wrapper.xcdatamodel;
		};
/* End XCVersionGroup section */
	};
	rootObject = 135B38462AFA9EC4007C1C04 /* Project object */;
}
