// !$*UTF8*$!
{
	archiveVersion = 1;
	classes = {
	};
	objectVersion = 56;
	objects = {

/* Begin PBXBuildFile section */
		1310BB9A2B089B84004AB7A2 /* NotificationsExtension.swift in Sources */ = {isa = PBXBuildFile; fileRef = 1310BB992B089B84004AB7A2 /* NotificationsExtension.swift */; };
		1327E0F82AFF890A000D4829 /* TypeCustomTableCell.swift in Sources */ = {isa = PBXBuildFile; fileRef = 1327E0F72AFF890A000D4829 /* TypeCustomTableCell.swift */; };
		1327E0FA2AFF8A2D000D4829 /* DosageCustomTableCell.swift in Sources */ = {isa = PBXBuildFile; fileRef = 1327E0F92AFF8A2D000D4829 /* DosageCustomTableCell.swift */; };
		1339CC182B008A66001171F6 /* FrequencyCustomTableCell.swift in Sources */ = {isa = PBXBuildFile; fileRef = 1339CC172B008A66001171F6 /* FrequencyCustomTableCell.swift */; };
		134FE0542B011256009FABE5 /* TimesPerCustomTableCell.swift in Sources */ = {isa = PBXBuildFile; fileRef = 134FE0532B011256009FABE5 /* TimesPerCustomTableCell.swift */; };
		13523D342B03465F00D5C649 /* TypePickerExtension.swift in Sources */ = {isa = PBXBuildFile; fileRef = 13523D332B03465F00D5C649 /* TypePickerExtension.swift */; };
		13523D382B0347D200D5C649 /* PillsTableViewExtension.swift in Sources */ = {isa = PBXBuildFile; fileRef = 13523D372B0347D200D5C649 /* PillsTableViewExtension.swift */; };
		13523D3A2B03483900D5C649 /* DosagePickerExtension.swift in Sources */ = {isa = PBXBuildFile; fileRef = 13523D392B03483900D5C649 /* DosagePickerExtension.swift */; };
		13523D3C2B03485A00D5C649 /* FrequencyPickerExtension.swift in Sources */ = {isa = PBXBuildFile; fileRef = 13523D3B2B03485A00D5C649 /* FrequencyPickerExtension.swift */; };
		13523D3E2B03487500D5C649 /* DaysPickerExtension.swift in Sources */ = {isa = PBXBuildFile; fileRef = 13523D3D2B03487500D5C649 /* DaysPickerExtension.swift */; };
		13523D402B03488F00D5C649 /* TimesPickerExtension.swift in Sources */ = {isa = PBXBuildFile; fileRef = 13523D3F2B03488F00D5C649 /* TimesPickerExtension.swift */; };
		13523D422B0348AB00D5C649 /* TimeExtension.swift in Sources */ = {isa = PBXBuildFile; fileRef = 13523D412B0348AB00D5C649 /* TimeExtension.swift */; };
		13523D442B0348DC00D5C649 /* SettingPickerExtension.swift in Sources */ = {isa = PBXBuildFile; fileRef = 13523D432B0348DC00D5C649 /* SettingPickerExtension.swift */; };
		135B38522AFA9EC4007C1C04 /* AppDelegate.swift in Sources */ = {isa = PBXBuildFile; fileRef = 135B38512AFA9EC4007C1C04 /* AppDelegate.swift */; };
		135B38542AFA9EC4007C1C04 /* SceneDelegate.swift in Sources */ = {isa = PBXBuildFile; fileRef = 135B38532AFA9EC4007C1C04 /* SceneDelegate.swift */; };
		135B38562AFA9EC4007C1C04 /* MainViewController.swift in Sources */ = {isa = PBXBuildFile; fileRef = 135B38552AFA9EC4007C1C04 /* MainViewController.swift */; };
		135B385C2AFA9EC4007C1C04 /* PigulkaTime.xcdatamodeld in Sources */ = {isa = PBXBuildFile; fileRef = 135B385A2AFA9EC4007C1C04 /* PigulkaTime.xcdatamodeld */; };
		135B385E2AFA9EC5007C1C04 /* Assets.xcassets in Resources */ = {isa = PBXBuildFile; fileRef = 135B385D2AFA9EC5007C1C04 /* Assets.xcassets */; };
		135B386C2AFA9EC5007C1C04 /* PigulkaTimeTests.swift in Sources */ = {isa = PBXBuildFile; fileRef = 135B386B2AFA9EC5007C1C04 /* PigulkaTimeTests.swift */; };
		135B38762AFA9EC5007C1C04 /* PigulkaTimeUITests.swift in Sources */ = {isa = PBXBuildFile; fileRef = 135B38752AFA9EC5007C1C04 /* PigulkaTimeUITests.swift */; };
		135B38782AFA9EC5007C1C04 /* PigulkaTimeUITestsLaunchTests.swift in Sources */ = {isa = PBXBuildFile; fileRef = 135B38772AFA9EC5007C1C04 /* PigulkaTimeUITestsLaunchTests.swift */; };
		135B388E2AFA9F98007C1C04 /* SFUIText-Heavy.ttf in Resources */ = {isa = PBXBuildFile; fileRef = 135B38882AFA9F98007C1C04 /* SFUIText-Heavy.ttf */; };
		135B388F2AFA9F98007C1C04 /* CustomFonts.swift in Sources */ = {isa = PBXBuildFile; fileRef = 135B38892AFA9F98007C1C04 /* CustomFonts.swift */; };
		135B38902AFA9F98007C1C04 /* SFUIText-Bold.ttf in Resources */ = {isa = PBXBuildFile; fileRef = 135B388A2AFA9F98007C1C04 /* SFUIText-Bold.ttf */; };
		135B38912AFA9F98007C1C04 /* SFUIText-Light.ttf in Resources */ = {isa = PBXBuildFile; fileRef = 135B388B2AFA9F98007C1C04 /* SFUIText-Light.ttf */; };
		135B38922AFA9F98007C1C04 /* SFUIText-Medium.ttf in Resources */ = {isa = PBXBuildFile; fileRef = 135B388C2AFA9F98007C1C04 /* SFUIText-Medium.ttf */; };
		135B38932AFA9F98007C1C04 /* SFUIText-Regular.ttf in Resources */ = {isa = PBXBuildFile; fileRef = 135B388D2AFA9F98007C1C04 /* SFUIText-Regular.ttf */; };
		135B38952AFAA031007C1C04 /* textHelper.swift in Sources */ = {isa = PBXBuildFile; fileRef = 135B38942AFAA031007C1C04 /* textHelper.swift */; };
		135C5F422B08F69100FF299B /* CoreDataManager.swift in Sources */ = {isa = PBXBuildFile; fileRef = 135C5F412B08F69100FF299B /* CoreDataManager.swift */; };
		1374D2C52B01FA4E0017398C /* TimeCustomTableCell.swift in Sources */ = {isa = PBXBuildFile; fileRef = 1374D2C42B01FA4E0017398C /* TimeCustomTableCell.swift */; };
		13B4F9642AFF3E18007B779D /* DrugNameCustomTableCell.swift in Sources */ = {isa = PBXBuildFile; fileRef = 13B4F9632AFF3E18007B779D /* DrugNameCustomTableCell.swift */; };
		13CB053A2AFB5AAE008770D0 /* MainViewCustomTableCell.swift in Sources */ = {isa = PBXBuildFile; fileRef = 13CB05392AFB5AAE008770D0 /* MainViewCustomTableCell.swift */; };
		13D7D1362B009769009CC9E6 /* DaysCustomTableCell.swift in Sources */ = {isa = PBXBuildFile; fileRef = 13D7D1352B009769009CC9E6 /* DaysCustomTableCell.swift */; };
		13EFB0222AFE453F00C9E67B /* PillsViewController.swift in Sources */ = {isa = PBXBuildFile; fileRef = 13EFB0212AFE453F00C9E67B /* PillsViewController.swift */; };
		13F556092AFCB0CE0025119F /* Models.swift in Sources */ = {isa = PBXBuildFile; fileRef = 13F556082AFCB0CE0025119F /* Models.swift */; };
		1C7C301CB9D25F401D0D202B /* Pods_PigulkaTime_PigulkaTimeUITests.framework in Frameworks */ = {isa = PBXBuildFile; fileRef = 10B0451D6127085528CC988B /* Pods_PigulkaTime_PigulkaTimeUITests.framework */; };
		84AF4B7E89074E0BF10BCA7C /* Pods_PigulkaTime.framework in Frameworks */ = {isa = PBXBuildFile; fileRef = F1729811E64AF8AB5CFCAF21 /* Pods_PigulkaTime.framework */; };
		EDB337EA128F5AF950FAD18C /* Pods_PigulkaTimeTests.framework in Frameworks */ = {isa = PBXBuildFile; fileRef = 8238238973B9FC1E3666BF86 /* Pods_PigulkaTimeTests.framework */; };
/* End PBXBuildFile section */

/* Begin PBXContainerItemProxy section */
		135B38682AFA9EC5007C1C04 /* PBXContainerItemProxy */ = {
			isa = PBXContainerItemProxy;
			containerPortal = 135B38462AFA9EC4007C1C04 /* Project object */;
			proxyType = 1;
			remoteGlobalIDString = 135B384D2AFA9EC4007C1C04;
			remoteInfo = PigulkaTime;
		};
		135B38722AFA9EC5007C1C04 /* PBXContainerItemProxy */ = {
			isa = PBXContainerItemProxy;
			containerPortal = 135B38462AFA9EC4007C1C04 /* Project object */;
			proxyType = 1;
			remoteGlobalIDString = 135B384D2AFA9EC4007C1C04;
			remoteInfo = PigulkaTime;
		};
/* End PBXContainerItemProxy section */

/* Begin PBXFileReference section */
		04D4F1B31EEF4894E03B9AD5 /* Pods-PigulkaTimeTests.release.xcconfig */ = {isa = PBXFileReference; includeInIndex = 1; lastKnownFileType = text.xcconfig; name = "Pods-PigulkaTimeTests.release.xcconfig"; path = "Target Support Files/Pods-PigulkaTimeTests/Pods-PigulkaTimeTests.release.xcconfig"; sourceTree = "<group>"; };
		10B0451D6127085528CC988B /* Pods_PigulkaTime_PigulkaTimeUITests.framework */ = {isa = PBXFileReference; explicitFileType = wrapper.framework; includeInIndex = 0; path = Pods_PigulkaTime_PigulkaTimeUITests.framework; sourceTree = BUILT_PRODUCTS_DIR; };
		1310BB992B089B84004AB7A2 /* NotificationsExtension.swift */ = {isa = PBXFileReference; lastKnownFileType = sourcecode.swift; path = NotificationsExtension.swift; sourceTree = "<group>"; };
		1327E0F72AFF890A000D4829 /* TypeCustomTableCell.swift */ = {isa = PBXFileReference; lastKnownFileType = sourcecode.swift; path = TypeCustomTableCell.swift; sourceTree = "<group>"; };
		1327E0F92AFF8A2D000D4829 /* DosageCustomTableCell.swift */ = {isa = PBXFileReference; lastKnownFileType = sourcecode.swift; path = DosageCustomTableCell.swift; sourceTree = "<group>"; };
		1339CC172B008A66001171F6 /* FrequencyCustomTableCell.swift */ = {isa = PBXFileReference; lastKnownFileType = sourcecode.swift; path = FrequencyCustomTableCell.swift; sourceTree = "<group>"; };
		134FE0532B011256009FABE5 /* TimesPerCustomTableCell.swift */ = {isa = PBXFileReference; lastKnownFileType = sourcecode.swift; path = TimesPerCustomTableCell.swift; sourceTree = "<group>"; };
		13523D332B03465F00D5C649 /* TypePickerExtension.swift */ = {isa = PBXFileReference; lastKnownFileType = sourcecode.swift; path = TypePickerExtension.swift; sourceTree = "<group>"; };
		13523D372B0347D200D5C649 /* PillsTableViewExtension.swift */ = {isa = PBXFileReference; lastKnownFileType = sourcecode.swift; path = PillsTableViewExtension.swift; sourceTree = "<group>"; };
		13523D392B03483900D5C649 /* DosagePickerExtension.swift */ = {isa = PBXFileReference; lastKnownFileType = sourcecode.swift; path = DosagePickerExtension.swift; sourceTree = "<group>"; };
		13523D3B2B03485A00D5C649 /* FrequencyPickerExtension.swift */ = {isa = PBXFileReference; lastKnownFileType = sourcecode.swift; path = FrequencyPickerExtension.swift; sourceTree = "<group>"; };
		13523D3D2B03487500D5C649 /* DaysPickerExtension.swift */ = {isa = PBXFileReference; lastKnownFileType = sourcecode.swift; path = DaysPickerExtension.swift; sourceTree = "<group>"; };
		13523D3F2B03488F00D5C649 /* TimesPickerExtension.swift */ = {isa = PBXFileReference; lastKnownFileType = sourcecode.swift; path = TimesPickerExtension.swift; sourceTree = "<group>"; };
		13523D412B0348AB00D5C649 /* TimeExtension.swift */ = {isa = PBXFileReference; lastKnownFileType = sourcecode.swift; path = TimeExtension.swift; sourceTree = "<group>"; };
		13523D432B0348DC00D5C649 /* SettingPickerExtension.swift */ = {isa = PBXFileReference; lastKnownFileType = sourcecode.swift; path = SettingPickerExtension.swift; sourceTree = "<group>"; };
		135B384E2AFA9EC4007C1C04 /* PigulkaTime.app */ = {isa = PBXFileReference; explicitFileType = wrapper.application; includeInIndex = 0; path = PigulkaTime.app; sourceTree = BUILT_PRODUCTS_DIR; };
		135B38512AFA9EC4007C1C04 /* AppDelegate.swift */ = {isa = PBXFileReference; lastKnownFileType = sourcecode.swift; path = AppDelegate.swift; sourceTree = "<group>"; };
		135B38532AFA9EC4007C1C04 /* SceneDelegate.swift */ = {isa = PBXFileReference; lastKnownFileType = sourcecode.swift; path = SceneDelegate.swift; sourceTree = "<group>"; };
		135B38552AFA9EC4007C1C04 /* MainViewController.swift */ = {isa = PBXFileReference; lastKnownFileType = sourcecode.swift; path = MainViewController.swift; sourceTree = "<group>"; };
		135B385B2AFA9EC4007C1C04 /* PigulkaTime.xcdatamodel */ = {isa = PBXFileReference; lastKnownFileType = wrapper.xcdatamodel; path = PigulkaTime.xcdatamodel; sourceTree = "<group>"; };
		135B385D2AFA9EC5007C1C04 /* Assets.xcassets */ = {isa = PBXFileReference; lastKnownFileType = folder.assetcatalog; path = Assets.xcassets; sourceTree = "<group>"; };
		135B38622AFA9EC5007C1C04 /* Info.plist */ = {isa = PBXFileReference; lastKnownFileType = text.plist.xml; path = Info.plist; sourceTree = "<group>"; };
		135B38672AFA9EC5007C1C04 /* PigulkaTimeTests.xctest */ = {isa = PBXFileReference; explicitFileType = wrapper.cfbundle; includeInIndex = 0; path = PigulkaTimeTests.xctest; sourceTree = BUILT_PRODUCTS_DIR; };
		135B386B2AFA9EC5007C1C04 /* PigulkaTimeTests.swift */ = {isa = PBXFileReference; lastKnownFileType = sourcecode.swift; path = PigulkaTimeTests.swift; sourceTree = "<group>"; };
		135B38712AFA9EC5007C1C04 /* PigulkaTimeUITests.xctest */ = {isa = PBXFileReference; explicitFileType = wrapper.cfbundle; includeInIndex = 0; path = PigulkaTimeUITests.xctest; sourceTree = BUILT_PRODUCTS_DIR; };
		135B38752AFA9EC5007C1C04 /* PigulkaTimeUITests.swift */ = {isa = PBXFileReference; lastKnownFileType = sourcecode.swift; path = PigulkaTimeUITests.swift; sourceTree = "<group>"; };
		135B38772AFA9EC5007C1C04 /* PigulkaTimeUITestsLaunchTests.swift */ = {isa = PBXFileReference; lastKnownFileType = sourcecode.swift; path = PigulkaTimeUITestsLaunchTests.swift; sourceTree = "<group>"; };
		135B38882AFA9F98007C1C04 /* SFUIText-Heavy.ttf */ = {isa = PBXFileReference; lastKnownFileType = file; path = "SFUIText-Heavy.ttf"; sourceTree = "<group>"; };
		135B38892AFA9F98007C1C04 /* CustomFonts.swift */ = {isa = PBXFileReference; fileEncoding = 4; lastKnownFileType = sourcecode.swift; path = CustomFonts.swift; sourceTree = "<group>"; };
		135B388A2AFA9F98007C1C04 /* SFUIText-Bold.ttf */ = {isa = PBXFileReference; lastKnownFileType = file; path = "SFUIText-Bold.ttf"; sourceTree = "<group>"; };
		135B388B2AFA9F98007C1C04 /* SFUIText-Light.ttf */ = {isa = PBXFileReference; lastKnownFileType = file; path = "SFUIText-Light.ttf"; sourceTree = "<group>"; };
		135B388C2AFA9F98007C1C04 /* SFUIText-Medium.ttf */ = {isa = PBXFileReference; lastKnownFileType = file; path = "SFUIText-Medium.ttf"; sourceTree = "<group>"; };
		135B388D2AFA9F98007C1C04 /* SFUIText-Regular.ttf */ = {isa = PBXFileReference; lastKnownFileType = file; path = "SFUIText-Regular.ttf"; sourceTree = "<group>"; };
		135B38942AFAA031007C1C04 /* textHelper.swift */ = {isa = PBXFileReference; lastKnownFileType = sourcecode.swift; path = textHelper.swift; sourceTree = "<group>"; };
		135C5F412B08F69100FF299B /* CoreDataManager.swift */ = {isa = PBXFileReference; lastKnownFileType = sourcecode.swift; path = CoreDataManager.swift; sourceTree = "<group>"; };
		1374D2C42B01FA4E0017398C /* TimeCustomTableCell.swift */ = {isa = PBXFileReference; lastKnownFileType = sourcecode.swift; path = TimeCustomTableCell.swift; sourceTree = "<group>"; };
		13B4F9632AFF3E18007B779D /* DrugNameCustomTableCell.swift */ = {isa = PBXFileReference; lastKnownFileType = sourcecode.swift; path = DrugNameCustomTableCell.swift; sourceTree = "<group>"; };
		13CB05392AFB5AAE008770D0 /* MainViewCustomTableCell.swift */ = {isa = PBXFileReference; lastKnownFileType = sourcecode.swift; path = MainViewCustomTableCell.swift; sourceTree = "<group>"; };
		13D7D1352B009769009CC9E6 /* DaysCustomTableCell.swift */ = {isa = PBXFileReference; lastKnownFileType = sourcecode.swift; path = DaysCustomTableCell.swift; sourceTree = "<group>"; };
		13EFB0212AFE453F00C9E67B /* PillsViewController.swift */ = {isa = PBXFileReference; lastKnownFileType = sourcecode.swift; path = PillsViewController.swift; sourceTree = "<group>"; };
		13F556082AFCB0CE0025119F /* Models.swift */ = {isa = PBXFileReference; lastKnownFileType = sourcecode.swift; path = Models.swift; sourceTree = "<group>"; };
		1F2C74FC4DFA71A2C97BDD52 /* Pods-PigulkaTime.debug.xcconfig */ = {isa = PBXFileReference; includeInIndex = 1; lastKnownFileType = text.xcconfig; name = "Pods-PigulkaTime.debug.xcconfig"; path = "Target Support Files/Pods-PigulkaTime/Pods-PigulkaTime.debug.xcconfig"; sourceTree = "<group>"; };
		7B38BE3A394CA9D37F38ED80 /* Pods-PigulkaTime-PigulkaTimeUITests.debug.xcconfig */ = {isa = PBXFileReference; includeInIndex = 1; lastKnownFileType = text.xcconfig; name = "Pods-PigulkaTime-PigulkaTimeUITests.debug.xcconfig"; path = "Target Support Files/Pods-PigulkaTime-PigulkaTimeUITests/Pods-PigulkaTime-PigulkaTimeUITests.debug.xcconfig"; sourceTree = "<group>"; };
		8238238973B9FC1E3666BF86 /* Pods_PigulkaTimeTests.framework */ = {isa = PBXFileReference; explicitFileType = wrapper.framework; includeInIndex = 0; path = Pods_PigulkaTimeTests.framework; sourceTree = BUILT_PRODUCTS_DIR; };
		8A82AC6EFF27914374B4F5AA /* Pods-PigulkaTime.release.xcconfig */ = {isa = PBXFileReference; includeInIndex = 1; lastKnownFileType = text.xcconfig; name = "Pods-PigulkaTime.release.xcconfig"; path = "Target Support Files/Pods-PigulkaTime/Pods-PigulkaTime.release.xcconfig"; sourceTree = "<group>"; };
		C0E95FE55E35F5B3A5C06DD2 /* Pods-PigulkaTime-PigulkaTimeUITests.release.xcconfig */ = {isa = PBXFileReference; includeInIndex = 1; lastKnownFileType = text.xcconfig; name = "Pods-PigulkaTime-PigulkaTimeUITests.release.xcconfig"; path = "Target Support Files/Pods-PigulkaTime-PigulkaTimeUITests/Pods-PigulkaTime-PigulkaTimeUITests.release.xcconfig"; sourceTree = "<group>"; };
		D3C645FC152540316FBF9B42 /* Pods-PigulkaTimeTests.debug.xcconfig */ = {isa = PBXFileReference; includeInIndex = 1; lastKnownFileType = text.xcconfig; name = "Pods-PigulkaTimeTests.debug.xcconfig"; path = "Target Support Files/Pods-PigulkaTimeTests/Pods-PigulkaTimeTests.debug.xcconfig"; sourceTree = "<group>"; };
		F1729811E64AF8AB5CFCAF21 /* Pods_PigulkaTime.framework */ = {isa = PBXFileReference; explicitFileType = wrapper.framework; includeInIndex = 0; path = Pods_PigulkaTime.framework; sourceTree = BUILT_PRODUCTS_DIR; };
/* End PBXFileReference section */

/* Begin PBXFrameworksBuildPhase section */
		135B384B2AFA9EC4007C1C04 /* Frameworks */ = {
			isa = PBXFrameworksBuildPhase;
			buildActionMask = 2147483647;
			files = (
				84AF4B7E89074E0BF10BCA7C /* Pods_PigulkaTime.framework in Frameworks */,
			);
			runOnlyForDeploymentPostprocessing = 0;
		};
		135B38642AFA9EC5007C1C04 /* Frameworks */ = {
			isa = PBXFrameworksBuildPhase;
			buildActionMask = 2147483647;
			files = (
				EDB337EA128F5AF950FAD18C /* Pods_PigulkaTimeTests.framework in Frameworks */,
			);
			runOnlyForDeploymentPostprocessing = 0;
		};
		135B386E2AFA9EC5007C1C04 /* Frameworks */ = {
			isa = PBXFrameworksBuildPhase;
			buildActionMask = 2147483647;
			files = (
				1C7C301CB9D25F401D0D202B /* Pods_PigulkaTime_PigulkaTimeUITests.framework in Frameworks */,
			);
			runOnlyForDeploymentPostprocessing = 0;
		};
/* End PBXFrameworksBuildPhase section */

/* Begin PBXGroup section */
		131FF95A2AFF87F700ABFCB9 /* Cells */ = {
			isa = PBXGroup;
			children = (
				13B4F9632AFF3E18007B779D /* DrugNameCustomTableCell.swift */,
				1327E0F72AFF890A000D4829 /* TypeCustomTableCell.swift */,
				1327E0F92AFF8A2D000D4829 /* DosageCustomTableCell.swift */,
				1339CC172B008A66001171F6 /* FrequencyCustomTableCell.swift */,
				13D7D1352B009769009CC9E6 /* DaysCustomTableCell.swift */,
				134FE0532B011256009FABE5 /* TimesPerCustomTableCell.swift */,
				1374D2C42B01FA4E0017398C /* TimeCustomTableCell.swift */,
			);
			path = Cells;
			sourceTree = "<group>";
		};
		13523D322B03463E00D5C649 /* Extension */ = {
			isa = PBXGroup;
			children = (
				13523D332B03465F00D5C649 /* TypePickerExtension.swift */,
				13523D372B0347D200D5C649 /* PillsTableViewExtension.swift */,
				13523D392B03483900D5C649 /* DosagePickerExtension.swift */,
				13523D3B2B03485A00D5C649 /* FrequencyPickerExtension.swift */,
				13523D3D2B03487500D5C649 /* DaysPickerExtension.swift */,
				13523D3F2B03488F00D5C649 /* TimesPickerExtension.swift */,
				13523D412B0348AB00D5C649 /* TimeExtension.swift */,
				13523D432B0348DC00D5C649 /* SettingPickerExtension.swift */,
				1310BB992B089B84004AB7A2 /* NotificationsExtension.swift */,
			);
			path = Extension;
			sourceTree = "<group>";
		};
		135B38452AFA9EC4007C1C04 = {
			isa = PBXGroup;
			children = (
				135C5F402B08F67C00FF299B /* CoreData */,
				135B38502AFA9EC4007C1C04 /* PigulkaTime */,
				135B386A2AFA9EC5007C1C04 /* PigulkaTimeTests */,
				135B38742AFA9EC5007C1C04 /* PigulkaTimeUITests */,
				135B384F2AFA9EC4007C1C04 /* Products */,
				35D045381EE73A043F7829DD /* Pods */,
				F555BBF69CCAA6246C3EE7F4 /* Frameworks */,
			);
			sourceTree = "<group>";
		};
		135B384F2AFA9EC4007C1C04 /* Products */ = {
			isa = PBXGroup;
			children = (
				135B384E2AFA9EC4007C1C04 /* PigulkaTime.app */,
				135B38672AFA9EC5007C1C04 /* PigulkaTimeTests.xctest */,
				135B38712AFA9EC5007C1C04 /* PigulkaTimeUITests.xctest */,
			);
			name = Products;
			sourceTree = "<group>";
		};
		135B38502AFA9EC4007C1C04 /* PigulkaTime */ = {
			isa = PBXGroup;
			children = (
				135B38942AFAA031007C1C04 /* textHelper.swift */,
				13523D322B03463E00D5C649 /* Extension */,
				131FF95A2AFF87F700ABFCB9 /* Cells */,
				13EFB0202AFE444900C9E67B /* Pills */,
				13D5FE5E2AFE41F900F403D0 /* Main */,
				13F556072AFCB0BA0025119F /* Models */,
				135B38862AFA9F45007C1C04 /* Resources */,
				135B38852AFA9F2E007C1C04 /* Controllers */,
				135B38842AFA9F1C007C1C04 /* Application */,
			);
			path = PigulkaTime;
			sourceTree = "<group>";
		};
		135B386A2AFA9EC5007C1C04 /* PigulkaTimeTests */ = {
			isa = PBXGroup;
			children = (
				135B386B2AFA9EC5007C1C04 /* PigulkaTimeTests.swift */,
			);
			path = PigulkaTimeTests;
			sourceTree = "<group>";
		};
		135B38742AFA9EC5007C1C04 /* PigulkaTimeUITests */ = {
			isa = PBXGroup;
			children = (
				135B38752AFA9EC5007C1C04 /* PigulkaTimeUITests.swift */,
				135B38772AFA9EC5007C1C04 /* PigulkaTimeUITestsLaunchTests.swift */,
			);
			path = PigulkaTimeUITests;
			sourceTree = "<group>";
		};
		135B38842AFA9F1C007C1C04 /* Application */ = {
			isa = PBXGroup;
			children = (
				135B38512AFA9EC4007C1C04 /* AppDelegate.swift */,
				135B38532AFA9EC4007C1C04 /* SceneDelegate.swift */,
			);
			path = Application;
			sourceTree = "<group>";
		};
		135B38852AFA9F2E007C1C04 /* Controllers */ = {
			isa = PBXGroup;
			children = (
			);
			path = Controllers;
			sourceTree = "<group>";
		};
		135B38862AFA9F45007C1C04 /* Resources */ = {
			isa = PBXGroup;
			children = (
				135B38872AFA9F69007C1C04 /* Fonts */,
				135B385D2AFA9EC5007C1C04 /* Assets.xcassets */,
				135B38622AFA9EC5007C1C04 /* Info.plist */,
			);
			path = Resources;
			sourceTree = "<group>";
		};
		135B38872AFA9F69007C1C04 /* Fonts */ = {
			isa = PBXGroup;
			children = (
				135B38892AFA9F98007C1C04 /* CustomFonts.swift */,
				135B388A2AFA9F98007C1C04 /* SFUIText-Bold.ttf */,
				135B38882AFA9F98007C1C04 /* SFUIText-Heavy.ttf */,
				135B388B2AFA9F98007C1C04 /* SFUIText-Light.ttf */,
				135B388C2AFA9F98007C1C04 /* SFUIText-Medium.ttf */,
				135B388D2AFA9F98007C1C04 /* SFUIText-Regular.ttf */,
			);
			path = Fonts;
			sourceTree = "<group>";
		};
		135C5F402B08F67C00FF299B /* CoreData */ = {
			isa = PBXGroup;
			children = (
				135B385A2AFA9EC4007C1C04 /* PigulkaTime.xcdatamodeld */,
				135C5F412B08F69100FF299B /* CoreDataManager.swift */,
			);
			path = CoreData;
			sourceTree = "<group>";
		};
		13D5FE5E2AFE41F900F403D0 /* Main */ = {
			isa = PBXGroup;
			children = (
				13CB05392AFB5AAE008770D0 /* MainViewCustomTableCell.swift */,
				135B38552AFA9EC4007C1C04 /* MainViewController.swift */,
			);
			path = Main;
			sourceTree = "<group>";
		};
		13EFB0202AFE444900C9E67B /* Pills */ = {
			isa = PBXGroup;
			children = (
				13EFB0212AFE453F00C9E67B /* PillsViewController.swift */,
			);
			path = Pills;
			sourceTree = "<group>";
		};
		13F556072AFCB0BA0025119F /* Models */ = {
			isa = PBXGroup;
			children = (
				13F556082AFCB0CE0025119F /* Models.swift */,
			);
			path = Models;
			sourceTree = "<group>";
		};
		35D045381EE73A043F7829DD /* Pods */ = {
			isa = PBXGroup;
			children = (
				1F2C74FC4DFA71A2C97BDD52 /* Pods-PigulkaTime.debug.xcconfig */,
				8A82AC6EFF27914374B4F5AA /* Pods-PigulkaTime.release.xcconfig */,
				7B38BE3A394CA9D37F38ED80 /* Pods-PigulkaTime-PigulkaTimeUITests.debug.xcconfig */,
				C0E95FE55E35F5B3A5C06DD2 /* Pods-PigulkaTime-PigulkaTimeUITests.release.xcconfig */,
				D3C645FC152540316FBF9B42 /* Pods-PigulkaTimeTests.debug.xcconfig */,
				04D4F1B31EEF4894E03B9AD5 /* Pods-PigulkaTimeTests.release.xcconfig */,
			);
			path = Pods;
			sourceTree = "<group>";
		};
		F555BBF69CCAA6246C3EE7F4 /* Frameworks */ = {
			isa = PBXGroup;
			children = (
				F1729811E64AF8AB5CFCAF21 /* Pods_PigulkaTime.framework */,
				10B0451D6127085528CC988B /* Pods_PigulkaTime_PigulkaTimeUITests.framework */,
				8238238973B9FC1E3666BF86 /* Pods_PigulkaTimeTests.framework */,
			);
			name = Frameworks;
			sourceTree = "<group>";
		};
/* End PBXGroup section */

/* Begin PBXNativeTarget section */
		135B384D2AFA9EC4007C1C04 /* PigulkaTime */ = {
			isa = PBXNativeTarget;
			buildConfigurationList = 135B387B2AFA9EC5007C1C04 /* Build configuration list for PBXNativeTarget "PigulkaTime" */;
			buildPhases = (
				B4A395D738B9CF5C0EF3CE56 /* [CP] Check Pods Manifest.lock */,
				135B384A2AFA9EC4007C1C04 /* Sources */,
				135B384B2AFA9EC4007C1C04 /* Frameworks */,
				135B384C2AFA9EC4007C1C04 /* Resources */,
				7B9E55D09806803EBEF86BF0 /* [CP] Embed Pods Frameworks */,
			);
			buildRules = (
			);
			dependencies = (
			);
			name = PigulkaTime;
			productName = PigulkaTime;
			productReference = 135B384E2AFA9EC4007C1C04 /* PigulkaTime.app */;
			productType = "com.apple.product-type.application";
		};
		135B38662AFA9EC5007C1C04 /* PigulkaTimeTests */ = {
			isa = PBXNativeTarget;
			buildConfigurationList = 135B387E2AFA9EC5007C1C04 /* Build configuration list for PBXNativeTarget "PigulkaTimeTests" */;
			buildPhases = (
				B65DD45F4312FB59D784E997 /* [CP] Check Pods Manifest.lock */,
				135B38632AFA9EC5007C1C04 /* Sources */,
				135B38642AFA9EC5007C1C04 /* Frameworks */,
				135B38652AFA9EC5007C1C04 /* Resources */,
			);
			buildRules = (
			);
			dependencies = (
				135B38692AFA9EC5007C1C04 /* PBXTargetDependency */,
			);
			name = PigulkaTimeTests;
			productName = PigulkaTimeTests;
			productReference = 135B38672AFA9EC5007C1C04 /* PigulkaTimeTests.xctest */;
			productType = "com.apple.product-type.bundle.unit-test";
		};
		135B38702AFA9EC5007C1C04 /* PigulkaTimeUITests */ = {
			isa = PBXNativeTarget;
			buildConfigurationList = 135B38812AFA9EC5007C1C04 /* Build configuration list for PBXNativeTarget "PigulkaTimeUITests" */;
			buildPhases = (
				FD01290D9A5D0F62DF8D66A5 /* [CP] Check Pods Manifest.lock */,
				135B386D2AFA9EC5007C1C04 /* Sources */,
				135B386E2AFA9EC5007C1C04 /* Frameworks */,
				135B386F2AFA9EC5007C1C04 /* Resources */,
				302E9FA335729E367671843B /* [CP] Embed Pods Frameworks */,
			);
			buildRules = (
			);
			dependencies = (
				135B38732AFA9EC5007C1C04 /* PBXTargetDependency */,
			);
			name = PigulkaTimeUITests;
			productName = PigulkaTimeUITests;
			productReference = 135B38712AFA9EC5007C1C04 /* PigulkaTimeUITests.xctest */;
			productType = "com.apple.product-type.bundle.ui-testing";
		};
/* End PBXNativeTarget section */

/* Begin PBXProject section */
		135B38462AFA9EC4007C1C04 /* Project object */ = {
			isa = PBXProject;
			attributes = {
				BuildIndependentTargetsInParallel = 1;
				LastSwiftUpdateCheck = 1430;
				LastUpgradeCheck = 1430;
				TargetAttributes = {
					135B384D2AFA9EC4007C1C04 = {
						CreatedOnToolsVersion = 14.3.1;
					};
					135B38662AFA9EC5007C1C04 = {
						CreatedOnToolsVersion = 14.3.1;
						TestTargetID = 135B384D2AFA9EC4007C1C04;
					};
					135B38702AFA9EC5007C1C04 = {
						CreatedOnToolsVersion = 14.3.1;
						TestTargetID = 135B384D2AFA9EC4007C1C04;
					};
				};
			};
			buildConfigurationList = 135B38492AFA9EC4007C1C04 /* Build configuration list for PBXProject "PigulkaTime" */;
			compatibilityVersion = "Xcode 14.0";
			developmentRegion = en;
			hasScannedForEncodings = 0;
			knownRegions = (
				en,
				Base,
			);
			mainGroup = 135B38452AFA9EC4007C1C04;
			productRefGroup = 135B384F2AFA9EC4007C1C04 /* Products */;
			projectDirPath = "";
			projectRoot = "";
			targets = (
				135B384D2AFA9EC4007C1C04 /* PigulkaTime */,
				135B38662AFA9EC5007C1C04 /* PigulkaTimeTests */,
				135B38702AFA9EC5007C1C04 /* PigulkaTimeUITests */,
			);
		};
/* End PBXProject section */

/* Begin PBXResourcesBuildPhase section */
		135B384C2AFA9EC4007C1C04 /* Resources */ = {
			isa = PBXResourcesBuildPhase;
			buildActionMask = 2147483647;
			files = (
				135B388E2AFA9F98007C1C04 /* SFUIText-Heavy.ttf in Resources */,
				135B385E2AFA9EC5007C1C04 /* Assets.xcassets in Resources */,
				135B38902AFA9F98007C1C04 /* SFUIText-Bold.ttf in Resources */,
				135B38932AFA9F98007C1C04 /* SFUIText-Regular.ttf in Resources */,
				135B38912AFA9F98007C1C04 /* SFUIText-Light.ttf in Resources */,
				135B38922AFA9F98007C1C04 /* SFUIText-Medium.ttf in Resources */,
			);
			runOnlyForDeploymentPostprocessing = 0;
		};
		135B38652AFA9EC5007C1C04 /* Resources */ = {
			isa = PBXResourcesBuildPhase;
			buildActionMask = 2147483647;
			files = (
			);
			runOnlyForDeploymentPostprocessing = 0;
		};
		135B386F2AFA9EC5007C1C04 /* Resources */ = {
			isa = PBXResourcesBuildPhase;
			buildActionMask = 2147483647;
			files = (
			);
			runOnlyForDeploymentPostprocessing = 0;
		};
/* End PBXResourcesBuildPhase section */

/* Begin PBXShellScriptBuildPhase section */
		302E9FA335729E367671843B /* [CP] Embed Pods Frameworks */ = {
			isa = PBXShellScriptBuildPhase;
			buildActionMask = 2147483647;
			files = (
			);
			inputFileListPaths = (
				"${PODS_ROOT}/Target Support Files/Pods-PigulkaTime-PigulkaTimeUITests/Pods-PigulkaTime-PigulkaTimeUITests-frameworks-${CONFIGURATION}-input-files.xcfilelist",
			);
			name = "[CP] Embed Pods Frameworks";
			outputFileListPaths = (
				"${PODS_ROOT}/Target Support Files/Pods-PigulkaTime-PigulkaTimeUITests/Pods-PigulkaTime-PigulkaTimeUITests-frameworks-${CONFIGURATION}-output-files.xcfilelist",
			);
			runOnlyForDeploymentPostprocessing = 0;
			shellPath = /bin/sh;
			shellScript = "\"${PODS_ROOT}/Target Support Files/Pods-PigulkaTime-PigulkaTimeUITests/Pods-PigulkaTime-PigulkaTimeUITests-frameworks.sh\"\n";
			showEnvVarsInLog = 0;
		};
		7B9E55D09806803EBEF86BF0 /* [CP] Embed Pods Frameworks */ = {
			isa = PBXShellScriptBuildPhase;
			buildActionMask = 2147483647;
			files = (
			);
			inputFileListPaths = (
				"${PODS_ROOT}/Target Support Files/Pods-PigulkaTime/Pods-PigulkaTime-frameworks-${CONFIGURATION}-input-files.xcfilelist",
			);
			name = "[CP] Embed Pods Frameworks";
			outputFileListPaths = (
				"${PODS_ROOT}/Target Support Files/Pods-PigulkaTime/Pods-PigulkaTime-frameworks-${CONFIGURATION}-output-files.xcfilelist",
			);
			runOnlyForDeploymentPostprocessing = 0;
			shellPath = /bin/sh;
			shellScript = "\"${PODS_ROOT}/Target Support Files/Pods-PigulkaTime/Pods-PigulkaTime-frameworks.sh\"\n";
			showEnvVarsInLog = 0;
		};
		B4A395D738B9CF5C0EF3CE56 /* [CP] Check Pods Manifest.lock */ = {
			isa = PBXShellScriptBuildPhase;
			buildActionMask = 2147483647;
			files = (
			);
			inputFileListPaths = (
			);
			inputPaths = (
				"${PODS_PODFILE_DIR_PATH}/Podfile.lock",
				"${PODS_ROOT}/Manifest.lock",
			);
			name = "[CP] Check Pods Manifest.lock";
			outputFileListPaths = (
			);
			outputPaths = (
				"$(DERIVED_FILE_DIR)/Pods-PigulkaTime-checkManifestLockResult.txt",
			);
			runOnlyForDeploymentPostprocessing = 0;
			shellPath = /bin/sh;
			shellScript = "diff \"${PODS_PODFILE_DIR_PATH}/Podfile.lock\" \"${PODS_ROOT}/Manifest.lock\" > /dev/null\nif [ $? != 0 ] ; then\n    # print error to STDERR\n    echo \"error: The sandbox is not in sync with the Podfile.lock. Run 'pod install' or update your CocoaPods installation.\" >&2\n    exit 1\nfi\n# This output is used by Xcode 'outputs' to avoid re-running this script phase.\necho \"SUCCESS\" > \"${SCRIPT_OUTPUT_FILE_0}\"\n";
			showEnvVarsInLog = 0;
		};
		B65DD45F4312FB59D784E997 /* [CP] Check Pods Manifest.lock */ = {
			isa = PBXShellScriptBuildPhase;
			buildActionMask = 2147483647;
			files = (
			);
			inputFileListPaths = (
			);
			inputPaths = (
				"${PODS_PODFILE_DIR_PATH}/Podfile.lock",
				"${PODS_ROOT}/Manifest.lock",
			);
			name = "[CP] Check Pods Manifest.lock";
			outputFileListPaths = (
			);
			outputPaths = (
				"$(DERIVED_FILE_DIR)/Pods-PigulkaTimeTests-checkManifestLockResult.txt",
			);
			runOnlyForDeploymentPostprocessing = 0;
			shellPath = /bin/sh;
			shellScript = "diff \"${PODS_PODFILE_DIR_PATH}/Podfile.lock\" \"${PODS_ROOT}/Manifest.lock\" > /dev/null\nif [ $? != 0 ] ; then\n    # print error to STDERR\n    echo \"error: The sandbox is not in sync with the Podfile.lock. Run 'pod install' or update your CocoaPods installation.\" >&2\n    exit 1\nfi\n# This output is used by Xcode 'outputs' to avoid re-running this script phase.\necho \"SUCCESS\" > \"${SCRIPT_OUTPUT_FILE_0}\"\n";
			showEnvVarsInLog = 0;
		};
		FD01290D9A5D0F62DF8D66A5 /* [CP] Check Pods Manifest.lock */ = {
			isa = PBXShellScriptBuildPhase;
			buildActionMask = 2147483647;
			files = (
			);
			inputFileListPaths = (
			);
			inputPaths = (
				"${PODS_PODFILE_DIR_PATH}/Podfile.lock",
				"${PODS_ROOT}/Manifest.lock",
			);
			name = "[CP] Check Pods Manifest.lock";
			outputFileListPaths = (
			);
			outputPaths = (
				"$(DERIVED_FILE_DIR)/Pods-PigulkaTime-PigulkaTimeUITests-checkManifestLockResult.txt",
			);
			runOnlyForDeploymentPostprocessing = 0;
			shellPath = /bin/sh;
			shellScript = "diff \"${PODS_PODFILE_DIR_PATH}/Podfile.lock\" \"${PODS_ROOT}/Manifest.lock\" > /dev/null\nif [ $? != 0 ] ; then\n    # print error to STDERR\n    echo \"error: The sandbox is not in sync with the Podfile.lock. Run 'pod install' or update your CocoaPods installation.\" >&2\n    exit 1\nfi\n# This output is used by Xcode 'outputs' to avoid re-running this script phase.\necho \"SUCCESS\" > \"${SCRIPT_OUTPUT_FILE_0}\"\n";
			showEnvVarsInLog = 0;
		};
/* End PBXShellScriptBuildPhase section */

/* Begin PBXSourcesBuildPhase section */
		135B384A2AFA9EC4007C1C04 /* Sources */ = {
			isa = PBXSourcesBuildPhase;
			buildActionMask = 2147483647;
			files = (
				13523D442B0348DC00D5C649 /* SettingPickerExtension.swift in Sources */,
				134FE0542B011256009FABE5 /* TimesPerCustomTableCell.swift in Sources */,
				135B38952AFAA031007C1C04 /* textHelper.swift in Sources */,
				13523D3C2B03485A00D5C649 /* FrequencyPickerExtension.swift in Sources */,
				13523D3A2B03483900D5C649 /* DosagePickerExtension.swift in Sources */,
				135B385C2AFA9EC4007C1C04 /* PigulkaTime.xcdatamodeld in Sources */,
				135B38562AFA9EC4007C1C04 /* MainViewController.swift in Sources */,
				13CB053A2AFB5AAE008770D0 /* MainViewCustomTableCell.swift in Sources */,
				135B388F2AFA9F98007C1C04 /* CustomFonts.swift in Sources */,
				13523D422B0348AB00D5C649 /* TimeExtension.swift in Sources */,
				13B4F9642AFF3E18007B779D /* DrugNameCustomTableCell.swift in Sources */,
				1374D2C52B01FA4E0017398C /* TimeCustomTableCell.swift in Sources */,
				13523D3E2B03487500D5C649 /* DaysPickerExtension.swift in Sources */,
				13523D342B03465F00D5C649 /* TypePickerExtension.swift in Sources */,
				13523D382B0347D200D5C649 /* PillsTableViewExtension.swift in Sources */,
				13D7D1362B009769009CC9E6 /* DaysCustomTableCell.swift in Sources */,
				135B38522AFA9EC4007C1C04 /* AppDelegate.swift in Sources */,
				13EFB0222AFE453F00C9E67B /* PillsViewController.swift in Sources */,
				13523D402B03488F00D5C649 /* TimesPickerExtension.swift in Sources */,
				1327E0F82AFF890A000D4829 /* TypeCustomTableCell.swift in Sources */,
				135C5F422B08F69100FF299B /* CoreDataManager.swift in Sources */,
				1339CC182B008A66001171F6 /* FrequencyCustomTableCell.swift in Sources */,
				1327E0FA2AFF8A2D000D4829 /* DosageCustomTableCell.swift in Sources */,
				1310BB9A2B089B84004AB7A2 /* NotificationsExtension.swift in Sources */,
				13F556092AFCB0CE0025119F /* Models.swift in Sources */,
				135B38542AFA9EC4007C1C04 /* SceneDelegate.swift in Sources */,
			);
			runOnlyForDeploymentPostprocessing = 0;
		};
		135B38632AFA9EC5007C1C04 /* Sources */ = {
			isa = PBXSourcesBuildPhase;
			buildActionMask = 2147483647;
			files = (
				135B386C2AFA9EC5007C1C04 /* PigulkaTimeTests.swift in Sources */,
			);
			runOnlyForDeploymentPostprocessing = 0;
		};
		135B386D2AFA9EC5007C1C04 /* Sources */ = {
			isa = PBXSourcesBuildPhase;
			buildActionMask = 2147483647;
			files = (
				135B38762AFA9EC5007C1C04 /* PigulkaTimeUITests.swift in Sources */,
				135B38782AFA9EC5007C1C04 /* PigulkaTimeUITestsLaunchTests.swift in Sources */,
			);
			runOnlyForDeploymentPostprocessing = 0;
		};
/* End PBXSourcesBuildPhase section */

/* Begin PBXTargetDependency section */
		135B38692AFA9EC5007C1C04 /* PBXTargetDependency */ = {
			isa = PBXTargetDependency;
			target = 135B384D2AFA9EC4007C1C04 /* PigulkaTime */;
			targetProxy = 135B38682AFA9EC5007C1C04 /* PBXContainerItemProxy */;
		};
		135B38732AFA9EC5007C1C04 /* PBXTargetDependency */ = {
			isa = PBXTargetDependency;
			target = 135B384D2AFA9EC4007C1C04 /* PigulkaTime */;
			targetProxy = 135B38722AFA9EC5007C1C04 /* PBXContainerItemProxy */;
		};
/* End PBXTargetDependency section */

/* Begin XCBuildConfiguration section */
		135B38792AFA9EC5007C1C04 /* Debug */ = {
			isa = XCBuildConfiguration;
			buildSettings = {
				ALWAYS_SEARCH_USER_PATHS = NO;
				CLANG_ANALYZER_NONNULL = YES;
				CLANG_ANALYZER_NUMBER_OBJECT_CONVERSION = YES_AGGRESSIVE;
				CLANG_CXX_LANGUAGE_STANDARD = "gnu++20";
				CLANG_ENABLE_MODULES = YES;
				CLANG_ENABLE_OBJC_ARC = YES;
				CLANG_ENABLE_OBJC_WEAK = YES;
				CLANG_WARN_BLOCK_CAPTURE_AUTORELEASING = YES;
				CLANG_WARN_BOOL_CONVERSION = YES;
				CLANG_WARN_COMMA = YES;
				CLANG_WARN_CONSTANT_CONVERSION = YES;
				CLANG_WARN_DEPRECATED_OBJC_IMPLEMENTATIONS = YES;
				CLANG_WARN_DIRECT_OBJC_ISA_USAGE = YES_ERROR;
				CLANG_WARN_DOCUMENTATION_COMMENTS = YES;
				CLANG_WARN_EMPTY_BODY = YES;
				CLANG_WARN_ENUM_CONVERSION = YES;
				CLANG_WARN_INFINITE_RECURSION = YES;
				CLANG_WARN_INT_CONVERSION = YES;
				CLANG_WARN_NON_LITERAL_NULL_CONVERSION = YES;
				CLANG_WARN_OBJC_IMPLICIT_RETAIN_SELF = YES;
				CLANG_WARN_OBJC_LITERAL_CONVERSION = YES;
				CLANG_WARN_OBJC_ROOT_CLASS = YES_ERROR;
				CLANG_WARN_QUOTED_INCLUDE_IN_FRAMEWORK_HEADER = YES;
				CLANG_WARN_RANGE_LOOP_ANALYSIS = YES;
				CLANG_WARN_STRICT_PROTOTYPES = YES;
				CLANG_WARN_SUSPICIOUS_MOVE = YES;
				CLANG_WARN_UNGUARDED_AVAILABILITY = YES_AGGRESSIVE;
				CLANG_WARN_UNREACHABLE_CODE = YES;
				CLANG_WARN__DUPLICATE_METHOD_MATCH = YES;
				COPY_PHASE_STRIP = NO;
				DEBUG_INFORMATION_FORMAT = dwarf;
				ENABLE_STRICT_OBJC_MSGSEND = YES;
				ENABLE_TESTABILITY = YES;
				GCC_C_LANGUAGE_STANDARD = gnu11;
				GCC_DYNAMIC_NO_PIC = NO;
				GCC_NO_COMMON_BLOCKS = YES;
				GCC_OPTIMIZATION_LEVEL = 0;
				GCC_PREPROCESSOR_DEFINITIONS = (
					"DEBUG=1",
					"$(inherited)",
				);
				GCC_WARN_64_TO_32_BIT_CONVERSION = YES;
				GCC_WARN_ABOUT_RETURN_TYPE = YES_ERROR;
				GCC_WARN_UNDECLARED_SELECTOR = YES;
				GCC_WARN_UNINITIALIZED_AUTOS = YES_AGGRESSIVE;
				GCC_WARN_UNUSED_FUNCTION = YES;
				GCC_WARN_UNUSED_VARIABLE = YES;
				IPHONEOS_DEPLOYMENT_TARGET = 14.0;
				MTL_ENABLE_DEBUG_INFO = INCLUDE_SOURCE;
				MTL_FAST_MATH = YES;
				ONLY_ACTIVE_ARCH = YES;
				SDKROOT = iphoneos;
				SWIFT_ACTIVE_COMPILATION_CONDITIONS = DEBUG;
				SWIFT_OPTIMIZATION_LEVEL = "-Onone";
			};
			name = Debug;
		};
		135B387A2AFA9EC5007C1C04 /* Release */ = {
			isa = XCBuildConfiguration;
			buildSettings = {
				ALWAYS_SEARCH_USER_PATHS = NO;
				CLANG_ANALYZER_NONNULL = YES;
				CLANG_ANALYZER_NUMBER_OBJECT_CONVERSION = YES_AGGRESSIVE;
				CLANG_CXX_LANGUAGE_STANDARD = "gnu++20";
				CLANG_ENABLE_MODULES = YES;
				CLANG_ENABLE_OBJC_ARC = YES;
				CLANG_ENABLE_OBJC_WEAK = YES;
				CLANG_WARN_BLOCK_CAPTURE_AUTORELEASING = YES;
				CLANG_WARN_BOOL_CONVERSION = YES;
				CLANG_WARN_COMMA = YES;
				CLANG_WARN_CONSTANT_CONVERSION = YES;
				CLANG_WARN_DEPRECATED_OBJC_IMPLEMENTATIONS = YES;
				CLANG_WARN_DIRECT_OBJC_ISA_USAGE = YES_ERROR;
				CLANG_WARN_DOCUMENTATION_COMMENTS = YES;
				CLANG_WARN_EMPTY_BODY = YES;
				CLANG_WARN_ENUM_CONVERSION = YES;
				CLANG_WARN_INFINITE_RECURSION = YES;
				CLANG_WARN_INT_CONVERSION = YES;
				CLANG_WARN_NON_LITERAL_NULL_CONVERSION = YES;
				CLANG_WARN_OBJC_IMPLICIT_RETAIN_SELF = YES;
				CLANG_WARN_OBJC_LITERAL_CONVERSION = YES;
				CLANG_WARN_OBJC_ROOT_CLASS = YES_ERROR;
				CLANG_WARN_QUOTED_INCLUDE_IN_FRAMEWORK_HEADER = YES;
				CLANG_WARN_RANGE_LOOP_ANALYSIS = YES;
				CLANG_WARN_STRICT_PROTOTYPES = YES;
				CLANG_WARN_SUSPICIOUS_MOVE = YES;
				CLANG_WARN_UNGUARDED_AVAILABILITY = YES_AGGRESSIVE;
				CLANG_WARN_UNREACHABLE_CODE = YES;
				CLANG_WARN__DUPLICATE_METHOD_MATCH = YES;
				COPY_PHASE_STRIP = NO;
				DEBUG_INFORMATION_FORMAT = "dwarf-with-dsym";
				ENABLE_NS_ASSERTIONS = NO;
				ENABLE_STRICT_OBJC_MSGSEND = YES;
				GCC_C_LANGUAGE_STANDARD = gnu11;
				GCC_NO_COMMON_BLOCKS = YES;
				GCC_WARN_64_TO_32_BIT_CONVERSION = YES;
				GCC_WARN_ABOUT_RETURN_TYPE = YES_ERROR;
				GCC_WARN_UNDECLARED_SELECTOR = YES;
				GCC_WARN_UNINITIALIZED_AUTOS = YES_AGGRESSIVE;
				GCC_WARN_UNUSED_FUNCTION = YES;
				GCC_WARN_UNUSED_VARIABLE = YES;
				IPHONEOS_DEPLOYMENT_TARGET = 14.0;
				MTL_ENABLE_DEBUG_INFO = NO;
				MTL_FAST_MATH = YES;
				SDKROOT = iphoneos;
				SWIFT_COMPILATION_MODE = wholemodule;
				SWIFT_OPTIMIZATION_LEVEL = "-O";
				VALIDATE_PRODUCT = YES;
			};
			name = Release;
		};
		135B387C2AFA9EC5007C1C04 /* Debug */ = {
			isa = XCBuildConfiguration;
			baseConfigurationReference = 1F2C74FC4DFA71A2C97BDD52 /* Pods-PigulkaTime.debug.xcconfig */;
			buildSettings = {
				ASSETCATALOG_COMPILER_APPICON_NAME = AppIcon;
				ASSETCATALOG_COMPILER_GLOBAL_ACCENT_COLOR_NAME = AccentColor;
				CODE_SIGN_STYLE = Automatic;
				CURRENT_PROJECT_VERSION = 1;
				DEVELOPMENT_TEAM = 5F8NF33WRR;
				GENERATE_INFOPLIST_FILE = YES;
				INFOPLIST_FILE = PigulkaTime/Resources/Info.plist;
				INFOPLIST_KEY_LSApplicationCategoryType = "public.app-category.medical";
				INFOPLIST_KEY_UIApplicationSupportsIndirectInputEvents = YES;
				INFOPLIST_KEY_UILaunchStoryboardName = LaunchScreen;
				INFOPLIST_KEY_UIMainStoryboardFile = "";
				INFOPLIST_KEY_UISupportedInterfaceOrientations = UIInterfaceOrientationPortrait;
				INFOPLIST_KEY_UISupportedInterfaceOrientations_iPad = "UIInterfaceOrientationLandscapeLeft UIInterfaceOrientationLandscapeRight UIInterfaceOrientationPortrait UIInterfaceOrientationPortraitUpsideDown";
				IPHONEOS_DEPLOYMENT_TARGET = 14.0;
				LD_RUNPATH_SEARCH_PATHS = (
					"$(inherited)",
					"@executable_path/Frameworks",
				);
				MARKETING_VERSION = 1.0;
				PRODUCT_BUNDLE_IDENTIFIER = code.PigulkaTime;
				PRODUCT_NAME = "$(TARGET_NAME)";
				SUPPORTED_PLATFORMS = "iphoneos iphonesimulator";
				SUPPORTS_MACCATALYST = NO;
				SUPPORTS_MAC_DESIGNED_FOR_IPHONE_IPAD = NO;
				SWIFT_EMIT_LOC_STRINGS = YES;
				SWIFT_VERSION = 5.0;
				TARGETED_DEVICE_FAMILY = 1;
			};
			name = Debug;
		};
		135B387D2AFA9EC5007C1C04 /* Release */ = {
			isa = XCBuildConfiguration;
			baseConfigurationReference = 8A82AC6EFF27914374B4F5AA /* Pods-PigulkaTime.release.xcconfig */;
			buildSettings = {
				ASSETCATALOG_COMPILER_APPICON_NAME = AppIcon;
				ASSETCATALOG_COMPILER_GLOBAL_ACCENT_COLOR_NAME = AccentColor;
				CODE_SIGN_STYLE = Automatic;
				CURRENT_PROJECT_VERSION = 1;
				DEVELOPMENT_TEAM = 5F8NF33WRR;
				GENERATE_INFOPLIST_FILE = YES;
				INFOPLIST_FILE = PigulkaTime/Resources/Info.plist;
				INFOPLIST_KEY_LSApplicationCategoryType = "public.app-category.medical";
				INFOPLIST_KEY_UIApplicationSupportsIndirectInputEvents = YES;
				INFOPLIST_KEY_UILaunchStoryboardName = LaunchScreen;
				INFOPLIST_KEY_UIMainStoryboardFile = "";
				INFOPLIST_KEY_UISupportedInterfaceOrientations = UIInterfaceOrientationPortrait;
				INFOPLIST_KEY_UISupportedInterfaceOrientations_iPad = "UIInterfaceOrientationLandscapeLeft UIInterfaceOrientationLandscapeRight UIInterfaceOrientationPortrait UIInterfaceOrientationPortraitUpsideDown";
				IPHONEOS_DEPLOYMENT_TARGET = 14.0;
				LD_RUNPATH_SEARCH_PATHS = (
					"$(inherited)",
					"@executable_path/Frameworks",
				);
				MARKETING_VERSION = 1.0;
				PRODUCT_BUNDLE_IDENTIFIER = code.PigulkaTime;
				PRODUCT_NAME = "$(TARGET_NAME)";
				SUPPORTED_PLATFORMS = "iphoneos iphonesimulator";
				SUPPORTS_MACCATALYST = NO;
				SUPPORTS_MAC_DESIGNED_FOR_IPHONE_IPAD = NO;
				SWIFT_EMIT_LOC_STRINGS = YES;
				SWIFT_VERSION = 5.0;
				TARGETED_DEVICE_FAMILY = 1;
			};
			name = Release;
		};
		135B387F2AFA9EC5007C1C04 /* Debug */ = {
			isa = XCBuildConfiguration;
			baseConfigurationReference = D3C645FC152540316FBF9B42 /* Pods-PigulkaTimeTests.debug.xcconfig */;
			buildSettings = {
				ALWAYS_EMBED_SWIFT_STANDARD_LIBRARIES = YES;
				BUNDLE_LOADER = "$(TEST_HOST)";
				CODE_SIGN_STYLE = Automatic;
				CURRENT_PROJECT_VERSION = 1;
				DEVELOPMENT_TEAM = 5F8NF33WRR;
				GENERATE_INFOPLIST_FILE = YES;
				IPHONEOS_DEPLOYMENT_TARGET = 16.4;
				MARKETING_VERSION = 1.0;
				PRODUCT_BUNDLE_IDENTIFIER = code.PigulkaTimeTests;
				PRODUCT_NAME = "$(TARGET_NAME)";
				SWIFT_EMIT_LOC_STRINGS = NO;
				SWIFT_VERSION = 5.0;
				TARGETED_DEVICE_FAMILY = "1,2";
				TEST_HOST = "$(BUILT_PRODUCTS_DIR)/PigulkaTime.app/$(BUNDLE_EXECUTABLE_FOLDER_PATH)/PigulkaTime";
			};
			name = Debug;
		};
		135B38802AFA9EC5007C1C04 /* Release */ = {
			isa = XCBuildConfiguration;
			baseConfigurationReference = 04D4F1B31EEF4894E03B9AD5 /* Pods-PigulkaTimeTests.release.xcconfig */;
			buildSettings = {
				ALWAYS_EMBED_SWIFT_STANDARD_LIBRARIES = YES;
				BUNDLE_LOADER = "$(TEST_HOST)";
				CODE_SIGN_STYLE = Automatic;
				CURRENT_PROJECT_VERSION = 1;
				DEVELOPMENT_TEAM = 5F8NF33WRR;
				GENERATE_INFOPLIST_FILE = YES;
				IPHONEOS_DEPLOYMENT_TARGET = 16.4;
				MARKETING_VERSION = 1.0;
				PRODUCT_BUNDLE_IDENTIFIER = code.PigulkaTimeTests;
				PRODUCT_NAME = "$(TARGET_NAME)";
				SWIFT_EMIT_LOC_STRINGS = NO;
				SWIFT_VERSION = 5.0;
				TARGETED_DEVICE_FAMILY = "1,2";
				TEST_HOST = "$(BUILT_PRODUCTS_DIR)/PigulkaTime.app/$(BUNDLE_EXECUTABLE_FOLDER_PATH)/PigulkaTime";
			};
			name = Release;
		};
		135B38822AFA9EC5007C1C04 /* Debug */ = {
			isa = XCBuildConfiguration;
			baseConfigurationReference = 7B38BE3A394CA9D37F38ED80 /* Pods-PigulkaTime-PigulkaTimeUITests.debug.xcconfig */;
			buildSettings = {
				ALWAYS_EMBED_SWIFT_STANDARD_LIBRARIES = YES;
				CODE_SIGN_STYLE = Automatic;
				CURRENT_PROJECT_VERSION = 1;
				DEVELOPMENT_TEAM = 5F8NF33WRR;
				GENERATE_INFOPLIST_FILE = YES;
				MARKETING_VERSION = 1.0;
				PRODUCT_BUNDLE_IDENTIFIER = code.PigulkaTimeUITests;
				PRODUCT_NAME = "$(TARGET_NAME)";
				SWIFT_EMIT_LOC_STRINGS = NO;
				SWIFT_VERSION = 5.0;
				TARGETED_DEVICE_FAMILY = "1,2";
				TEST_TARGET_NAME = PigulkaTime;
			};
			name = Debug;
		};
		135B38832AFA9EC5007C1C04 /* Release */ = {
			isa = XCBuildConfiguration;
			baseConfigurationReference = C0E95FE55E35F5B3A5C06DD2 /* Pods-PigulkaTime-PigulkaTimeUITests.release.xcconfig */;
			buildSettings = {
				ALWAYS_EMBED_SWIFT_STANDARD_LIBRARIES = YES;
				CODE_SIGN_STYLE = Automatic;
				CURRENT_PROJECT_VERSION = 1;
				DEVELOPMENT_TEAM = 5F8NF33WRR;
				GENERATE_INFOPLIST_FILE = YES;
				MARKETING_VERSION = 1.0;
				PRODUCT_BUNDLE_IDENTIFIER = code.PigulkaTimeUITests;
				PRODUCT_NAME = "$(TARGET_NAME)";
				SWIFT_EMIT_LOC_STRINGS = NO;
				SWIFT_VERSION = 5.0;
				TARGETED_DEVICE_FAMILY = "1,2";
				TEST_TARGET_NAME = PigulkaTime;
			};
			name = Release;
		};
/* End XCBuildConfiguration section */

/* Begin XCConfigurationList section */
		135B38492AFA9EC4007C1C04 /* Build configuration list for PBXProject "PigulkaTime" */ = {
			isa = XCConfigurationList;
			buildConfigurations = (
				135B38792AFA9EC5007C1C04 /* Debug */,
				135B387A2AFA9EC5007C1C04 /* Release */,
			);
			defaultConfigurationIsVisible = 0;
			defaultConfigurationName = Release;
		};
		135B387B2AFA9EC5007C1C04 /* Build configuration list for PBXNativeTarget "PigulkaTime" */ = {
			isa = XCConfigurationList;
			buildConfigurations = (
				135B387C2AFA9EC5007C1C04 /* Debug */,
				135B387D2AFA9EC5007C1C04 /* Release */,
			);
			defaultConfigurationIsVisible = 0;
			defaultConfigurationName = Release;
		};
		135B387E2AFA9EC5007C1C04 /* Build configuration list for PBXNativeTarget "PigulkaTimeTests" */ = {
			isa = XCConfigurationList;
			buildConfigurations = (
				135B387F2AFA9EC5007C1C04 /* Debug */,
				135B38802AFA9EC5007C1C04 /* Release */,
			);
			defaultConfigurationIsVisible = 0;
			defaultConfigurationName = Release;
		};
		135B38812AFA9EC5007C1C04 /* Build configuration list for PBXNativeTarget "PigulkaTimeUITests" */ = {
			isa = XCConfigurationList;
			buildConfigurations = (
				135B38822AFA9EC5007C1C04 /* Debug */,
				135B38832AFA9EC5007C1C04 /* Release */,
			);
			defaultConfigurationIsVisible = 0;
			defaultConfigurationName = Release;
		};
/* End XCConfigurationList section */

/* Begin XCVersionGroup section */
		135B385A2AFA9EC4007C1C04 /* PigulkaTime.xcdatamodeld */ = {
			isa = XCVersionGroup;
			children = (
				135B385B2AFA9EC4007C1C04 /* PigulkaTime.xcdatamodel */,
			);
			currentVersion = 135B385B2AFA9EC4007C1C04 /* PigulkaTime.xcdatamodel */;
			path = PigulkaTime.xcdatamodeld;
			sourceTree = "<group>";
			versionGroupType = wrapper.xcdatamodel;
		};
/* End XCVersionGroup section */
	};
	rootObject = 135B38462AFA9EC4007C1C04 /* Project object */;
}
